// !$*UTF8*$!
{
	archiveVersion = 1;
	classes = {
	};
	objectVersion = 46;
	objects = {

/* Begin PBXBuildFile section */
		7617FF0219C0475700A3B9BC /* Foundation.framework in Frameworks */ = {isa = PBXBuildFile; fileRef = 7617FF0119C0475700A3B9BC /* Foundation.framework */; };
		7617FF0419C0475700A3B9BC /* CoreGraphics.framework in Frameworks */ = {isa = PBXBuildFile; fileRef = 7617FF0319C0475700A3B9BC /* CoreGraphics.framework */; };
		7617FF0619C0475700A3B9BC /* UIKit.framework in Frameworks */ = {isa = PBXBuildFile; fileRef = 7617FF0519C0475700A3B9BC /* UIKit.framework */; };
		7617FF0C19C0475700A3B9BC /* InfoPlist.strings in Resources */ = {isa = PBXBuildFile; fileRef = 7617FF0A19C0475700A3B9BC /* InfoPlist.strings */; };
		7617FF0E19C0475700A3B9BC /* main.m in Sources */ = {isa = PBXBuildFile; fileRef = 7617FF0D19C0475700A3B9BC /* main.m */; };
		7617FF1219C0475700A3B9BC /* AppDelegate.m in Sources */ = {isa = PBXBuildFile; fileRef = 7617FF1119C0475700A3B9BC /* AppDelegate.m */; };
		7617FF1519C0475700A3B9BC /* Main_iPhone.storyboard in Resources */ = {isa = PBXBuildFile; fileRef = 7617FF1319C0475700A3B9BC /* Main_iPhone.storyboard */; };
		7617FF1819C0475700A3B9BC /* Main_iPad.storyboard in Resources */ = {isa = PBXBuildFile; fileRef = 7617FF1619C0475700A3B9BC /* Main_iPad.storyboard */; };
		7617FF1D19C0475700A3B9BC /* Images.xcassets in Resources */ = {isa = PBXBuildFile; fileRef = 7617FF1C19C0475700A3B9BC /* Images.xcassets */; };
		7617FF2419C0475700A3B9BC /* XCTest.framework in Frameworks */ = {isa = PBXBuildFile; fileRef = 7617FF2319C0475700A3B9BC /* XCTest.framework */; };
		7617FF2519C0475700A3B9BC /* Foundation.framework in Frameworks */ = {isa = PBXBuildFile; fileRef = 7617FF0119C0475700A3B9BC /* Foundation.framework */; };
		7617FF2619C0475700A3B9BC /* UIKit.framework in Frameworks */ = {isa = PBXBuildFile; fileRef = 7617FF0519C0475700A3B9BC /* UIKit.framework */; };
		7617FF2E19C0475700A3B9BC /* InfoPlist.strings in Resources */ = {isa = PBXBuildFile; fileRef = 7617FF2C19C0475700A3B9BC /* InfoPlist.strings */; };
		7617FF3019C0475700A3B9BC /* SmartQiitaTests.m in Sources */ = {isa = PBXBuildFile; fileRef = 7617FF2F19C0475700A3B9BC /* SmartQiitaTests.m */; };
		7617FF3B19C0478D00A3B9BC /* ArticleTableViewController.m in Sources */ = {isa = PBXBuildFile; fileRef = 7617FF3A19C0478D00A3B9BC /* ArticleTableViewController.m */; };
		7617FF3E19C049F500A3B9BC /* ArticleTableViewCell.m in Sources */ = {isa = PBXBuildFile; fileRef = 7617FF3D19C049F500A3B9BC /* ArticleTableViewCell.m */; };
		7617FF4419C0538300A3B9BC /* DetailViewController.m in Sources */ = {isa = PBXBuildFile; fileRef = 7617FF4319C0538300A3B9BC /* DetailViewController.m */; };
/* End PBXBuildFile section */

/* Begin PBXContainerItemProxy section */
		7617FF2719C0475700A3B9BC /* PBXContainerItemProxy */ = {
			isa = PBXContainerItemProxy;
			containerPortal = 7617FEF619C0475700A3B9BC /* Project object */;
			proxyType = 1;
			remoteGlobalIDString = 7617FEFD19C0475700A3B9BC;
			remoteInfo = SmartQiita;
		};
/* End PBXContainerItemProxy section */

/* Begin PBXFileReference section */
		7617FEFE19C0475700A3B9BC /* SmartQiita.app */ = {isa = PBXFileReference; explicitFileType = wrapper.application; includeInIndex = 0; path = SmartQiita.app; sourceTree = BUILT_PRODUCTS_DIR; };
		7617FF0119C0475700A3B9BC /* Foundation.framework */ = {isa = PBXFileReference; lastKnownFileType = wrapper.framework; name = Foundation.framework; path = System/Library/Frameworks/Foundation.framework; sourceTree = SDKROOT; };
		7617FF0319C0475700A3B9BC /* CoreGraphics.framework */ = {isa = PBXFileReference; lastKnownFileType = wrapper.framework; name = CoreGraphics.framework; path = System/Library/Frameworks/CoreGraphics.framework; sourceTree = SDKROOT; };
		7617FF0519C0475700A3B9BC /* UIKit.framework */ = {isa = PBXFileReference; lastKnownFileType = wrapper.framework; name = UIKit.framework; path = System/Library/Frameworks/UIKit.framework; sourceTree = SDKROOT; };
		7617FF0919C0475700A3B9BC /* SmartQiita-Info.plist */ = {isa = PBXFileReference; lastKnownFileType = text.plist.xml; path = "SmartQiita-Info.plist"; sourceTree = "<group>"; };
		7617FF0B19C0475700A3B9BC /* en */ = {isa = PBXFileReference; lastKnownFileType = text.plist.strings; name = en; path = en.lproj/InfoPlist.strings; sourceTree = "<group>"; };
		7617FF0D19C0475700A3B9BC /* main.m */ = {isa = PBXFileReference; lastKnownFileType = sourcecode.c.objc; path = main.m; sourceTree = "<group>"; };
		7617FF0F19C0475700A3B9BC /* SmartQiita-Prefix.pch */ = {isa = PBXFileReference; lastKnownFileType = sourcecode.c.h; path = "SmartQiita-Prefix.pch"; sourceTree = "<group>"; };
		7617FF1019C0475700A3B9BC /* AppDelegate.h */ = {isa = PBXFileReference; lastKnownFileType = sourcecode.c.h; path = AppDelegate.h; sourceTree = "<group>"; };
		7617FF1119C0475700A3B9BC /* AppDelegate.m */ = {isa = PBXFileReference; lastKnownFileType = sourcecode.c.objc; path = AppDelegate.m; sourceTree = "<group>"; };
		7617FF1419C0475700A3B9BC /* Base */ = {isa = PBXFileReference; lastKnownFileType = file.storyboard; name = Base; path = Base.lproj/Main_iPhone.storyboard; sourceTree = "<group>"; };
		7617FF1719C0475700A3B9BC /* Base */ = {isa = PBXFileReference; lastKnownFileType = file.storyboard; name = Base; path = Base.lproj/Main_iPad.storyboard; sourceTree = "<group>"; };
		7617FF1C19C0475700A3B9BC /* Images.xcassets */ = {isa = PBXFileReference; lastKnownFileType = folder.assetcatalog; path = Images.xcassets; sourceTree = "<group>"; };
		7617FF2219C0475700A3B9BC /* SmartQiitaTests.xctest */ = {isa = PBXFileReference; explicitFileType = wrapper.cfbundle; includeInIndex = 0; path = SmartQiitaTests.xctest; sourceTree = BUILT_PRODUCTS_DIR; };
		7617FF2319C0475700A3B9BC /* XCTest.framework */ = {isa = PBXFileReference; lastKnownFileType = wrapper.framework; name = XCTest.framework; path = Library/Frameworks/XCTest.framework; sourceTree = DEVELOPER_DIR; };
		7617FF2B19C0475700A3B9BC /* SmartQiitaTests-Info.plist */ = {isa = PBXFileReference; lastKnownFileType = text.plist.xml; path = "SmartQiitaTests-Info.plist"; sourceTree = "<group>"; };
		7617FF2D19C0475700A3B9BC /* en */ = {isa = PBXFileReference; lastKnownFileType = text.plist.strings; name = en; path = en.lproj/InfoPlist.strings; sourceTree = "<group>"; };
		7617FF2F19C0475700A3B9BC /* SmartQiitaTests.m */ = {isa = PBXFileReference; lastKnownFileType = sourcecode.c.objc; path = SmartQiitaTests.m; sourceTree = "<group>"; };
		7617FF3919C0478D00A3B9BC /* ArticleTableViewController.h */ = {isa = PBXFileReference; fileEncoding = 4; lastKnownFileType = sourcecode.c.h; name = ArticleTableViewController.h; path = ../ArticleTableViewController.h; sourceTree = "<group>"; };
		7617FF3A19C0478D00A3B9BC /* ArticleTableViewController.m */ = {isa = PBXFileReference; fileEncoding = 4; lastKnownFileType = sourcecode.c.objc; name = ArticleTableViewController.m; path = ../ArticleTableViewController.m; sourceTree = "<group>"; };
		7617FF3C19C049F500A3B9BC /* ArticleTableViewCell.h */ = {isa = PBXFileReference; fileEncoding = 4; lastKnownFileType = sourcecode.c.h; name = ArticleTableViewCell.h; path = ../ArticleTableViewCell.h; sourceTree = "<group>"; };
		7617FF3D19C049F500A3B9BC /* ArticleTableViewCell.m */ = {isa = PBXFileReference; fileEncoding = 4; lastKnownFileType = sourcecode.c.objc; name = ArticleTableViewCell.m; path = ../ArticleTableViewCell.m; sourceTree = "<group>"; };
		7617FF4219C0538300A3B9BC /* DetailViewController.h */ = {isa = PBXFileReference; fileEncoding = 4; lastKnownFileType = sourcecode.c.h; path = DetailViewController.h; sourceTree = "<group>"; };
		7617FF4319C0538300A3B9BC /* DetailViewController.m */ = {isa = PBXFileReference; fileEncoding = 4; lastKnownFileType = sourcecode.c.objc; path = DetailViewController.m; sourceTree = "<group>"; };
/* End PBXFileReference section */

/* Begin PBXFrameworksBuildPhase section */
		7617FEFB19C0475700A3B9BC /* Frameworks */ = {
			isa = PBXFrameworksBuildPhase;
			buildActionMask = 2147483647;
			files = (
				7617FF0419C0475700A3B9BC /* CoreGraphics.framework in Frameworks */,
				7617FF0619C0475700A3B9BC /* UIKit.framework in Frameworks */,
				7617FF0219C0475700A3B9BC /* Foundation.framework in Frameworks */,
			);
			runOnlyForDeploymentPostprocessing = 0;
		};
		7617FF1F19C0475700A3B9BC /* Frameworks */ = {
			isa = PBXFrameworksBuildPhase;
			buildActionMask = 2147483647;
			files = (
				7617FF2419C0475700A3B9BC /* XCTest.framework in Frameworks */,
				7617FF2619C0475700A3B9BC /* UIKit.framework in Frameworks */,
				7617FF2519C0475700A3B9BC /* Foundation.framework in Frameworks */,
			);
			runOnlyForDeploymentPostprocessing = 0;
		};
/* End PBXFrameworksBuildPhase section */

/* Begin PBXGroup section */
		7617FEF519C0475700A3B9BC = {
			isa = PBXGroup;
			children = (
				7617FF0719C0475700A3B9BC /* SmartQiita */,
				7617FF2919C0475700A3B9BC /* SmartQiitaTests */,
				7617FF0019C0475700A3B9BC /* Frameworks */,
				7617FEFF19C0475700A3B9BC /* Products */,
			);
			sourceTree = "<group>";
		};
		7617FEFF19C0475700A3B9BC /* Products */ = {
			isa = PBXGroup;
			children = (
				7617FEFE19C0475700A3B9BC /* SmartQiita.app */,
				7617FF2219C0475700A3B9BC /* SmartQiitaTests.xctest */,
			);
			name = Products;
			sourceTree = "<group>";
		};
		7617FF0019C0475700A3B9BC /* Frameworks */ = {
			isa = PBXGroup;
			children = (
				7617FF0119C0475700A3B9BC /* Foundation.framework */,
				7617FF0319C0475700A3B9BC /* CoreGraphics.framework */,
				7617FF0519C0475700A3B9BC /* UIKit.framework */,
				7617FF2319C0475700A3B9BC /* XCTest.framework */,
			);
			name = Frameworks;
			sourceTree = "<group>";
		};
		7617FF0719C0475700A3B9BC /* SmartQiita */ = {
			isa = PBXGroup;
			children = (
				7617FF3C19C049F500A3B9BC /* ArticleTableViewCell.h */,
				7617FF3D19C049F500A3B9BC /* ArticleTableViewCell.m */,
				7617FF3919C0478D00A3B9BC /* ArticleTableViewController.h */,
				7617FF3A19C0478D00A3B9BC /* ArticleTableViewController.m */,
				7617FF1019C0475700A3B9BC /* AppDelegate.h */,
				7617FF1119C0475700A3B9BC /* AppDelegate.m */,
				7617FF1319C0475700A3B9BC /* Main_iPhone.storyboard */,
				7617FF1619C0475700A3B9BC /* Main_iPad.storyboard */,
				7617FF1C19C0475700A3B9BC /* Images.xcassets */,
				7617FF0819C0475700A3B9BC /* Supporting Files */,
				7617FF4219C0538300A3B9BC /* DetailViewController.h */,
				7617FF4319C0538300A3B9BC /* DetailViewController.m */,
			);
			path = SmartQiita;
			sourceTree = "<group>";
		};
		7617FF0819C0475700A3B9BC /* Supporting Files */ = {
			isa = PBXGroup;
			children = (
				7617FF0919C0475700A3B9BC /* SmartQiita-Info.plist */,
				7617FF0A19C0475700A3B9BC /* InfoPlist.strings */,
				7617FF0D19C0475700A3B9BC /* main.m */,
				7617FF0F19C0475700A3B9BC /* SmartQiita-Prefix.pch */,
			);
			name = "Supporting Files";
			sourceTree = "<group>";
		};
		7617FF2919C0475700A3B9BC /* SmartQiitaTests */ = {
			isa = PBXGroup;
			children = (
				7617FF2F19C0475700A3B9BC /* SmartQiitaTests.m */,
				7617FF2A19C0475700A3B9BC /* Supporting Files */,
			);
			path = SmartQiitaTests;
			sourceTree = "<group>";
		};
		7617FF2A19C0475700A3B9BC /* Supporting Files */ = {
			isa = PBXGroup;
			children = (
				7617FF2B19C0475700A3B9BC /* SmartQiitaTests-Info.plist */,
				7617FF2C19C0475700A3B9BC /* InfoPlist.strings */,
			);
			name = "Supporting Files";
			sourceTree = "<group>";
		};
/* End PBXGroup section */

/* Begin PBXNativeTarget section */
		7617FEFD19C0475700A3B9BC /* SmartQiita */ = {
			isa = PBXNativeTarget;
			buildConfigurationList = 7617FF3319C0475700A3B9BC /* Build configuration list for PBXNativeTarget "SmartQiita" */;
			buildPhases = (
				7617FEFA19C0475700A3B9BC /* Sources */,
				7617FEFB19C0475700A3B9BC /* Frameworks */,
				7617FEFC19C0475700A3B9BC /* Resources */,
			);
			buildRules = (
			);
			dependencies = (
			);
			name = SmartQiita;
			productName = SmartQiita;
			productReference = 7617FEFE19C0475700A3B9BC /* SmartQiita.app */;
			productType = "com.apple.product-type.application";
		};
		7617FF2119C0475700A3B9BC /* SmartQiitaTests */ = {
			isa = PBXNativeTarget;
			buildConfigurationList = 7617FF3619C0475700A3B9BC /* Build configuration list for PBXNativeTarget "SmartQiitaTests" */;
			buildPhases = (
				7617FF1E19C0475700A3B9BC /* Sources */,
				7617FF1F19C0475700A3B9BC /* Frameworks */,
				7617FF2019C0475700A3B9BC /* Resources */,
			);
			buildRules = (
			);
			dependencies = (
				7617FF2819C0475700A3B9BC /* PBXTargetDependency */,
			);
			name = SmartQiitaTests;
			productName = SmartQiitaTests;
			productReference = 7617FF2219C0475700A3B9BC /* SmartQiitaTests.xctest */;
			productType = "com.apple.product-type.bundle.unit-test";
		};
/* End PBXNativeTarget section */

/* Begin PBXProject section */
		7617FEF619C0475700A3B9BC /* Project object */ = {
			isa = PBXProject;
			attributes = {
				LastUpgradeCheck = 0510;
				ORGANIZATIONNAME = "___FULLUSERNAME___";
				TargetAttributes = {
					7617FF2119C0475700A3B9BC = {
						TestTargetID = 7617FEFD19C0475700A3B9BC;
					};
				};
			};
			buildConfigurationList = 7617FEF919C0475700A3B9BC /* Build configuration list for PBXProject "SmartQiita" */;
			compatibilityVersion = "Xcode 3.2";
			developmentRegion = English;
			hasScannedForEncodings = 0;
			knownRegions = (
				en,
				Base,
			);
			mainGroup = 7617FEF519C0475700A3B9BC;
			productRefGroup = 7617FEFF19C0475700A3B9BC /* Products */;
			projectDirPath = "";
			projectRoot = "";
			targets = (
				7617FEFD19C0475700A3B9BC /* SmartQiita */,
				7617FF2119C0475700A3B9BC /* SmartQiitaTests */,
			);
		};
/* End PBXProject section */

/* Begin PBXResourcesBuildPhase section */
		7617FEFC19C0475700A3B9BC /* Resources */ = {
			isa = PBXResourcesBuildPhase;
			buildActionMask = 2147483647;
			files = (
				7617FF1819C0475700A3B9BC /* Main_iPad.storyboard in Resources */,
				7617FF1D19C0475700A3B9BC /* Images.xcassets in Resources */,
				7617FF1519C0475700A3B9BC /* Main_iPhone.storyboard in Resources */,
				7617FF0C19C0475700A3B9BC /* InfoPlist.strings in Resources */,
			);
			runOnlyForDeploymentPostprocessing = 0;
		};
		7617FF2019C0475700A3B9BC /* Resources */ = {
			isa = PBXResourcesBuildPhase;
			buildActionMask = 2147483647;
			files = (
				7617FF2E19C0475700A3B9BC /* InfoPlist.strings in Resources */,
			);
			runOnlyForDeploymentPostprocessing = 0;
		};
/* End PBXResourcesBuildPhase section */

/* Begin PBXSourcesBuildPhase section */
		7617FEFA19C0475700A3B9BC /* Sources */ = {
			isa = PBXSourcesBuildPhase;
			buildActionMask = 2147483647;
			files = (
				7617FF4419C0538300A3B9BC /* DetailViewController.m in Sources */,
				7617FF1219C0475700A3B9BC /* AppDelegate.m in Sources */,
				7617FF3B19C0478D00A3B9BC /* ArticleTableViewController.m in Sources */,
				7617FF3E19C049F500A3B9BC /* ArticleTableViewCell.m in Sources */,
				7617FF0E19C0475700A3B9BC /* main.m in Sources */,
			);
			runOnlyForDeploymentPostprocessing = 0;
		};
		7617FF1E19C0475700A3B9BC /* Sources */ = {
			isa = PBXSourcesBuildPhase;
			buildActionMask = 2147483647;
			files = (
				7617FF3019C0475700A3B9BC /* SmartQiitaTests.m in Sources */,
			);
			runOnlyForDeploymentPostprocessing = 0;
		};
/* End PBXSourcesBuildPhase section */

/* Begin PBXTargetDependency section */
		7617FF2819C0475700A3B9BC /* PBXTargetDependency */ = {
			isa = PBXTargetDependency;
			target = 7617FEFD19C0475700A3B9BC /* SmartQiita */;
			targetProxy = 7617FF2719C0475700A3B9BC /* PBXContainerItemProxy */;
		};
/* End PBXTargetDependency section */

/* Begin PBXVariantGroup section */
		7617FF0A19C0475700A3B9BC /* InfoPlist.strings */ = {
			isa = PBXVariantGroup;
			children = (
				7617FF0B19C0475700A3B9BC /* en */,
			);
			name = InfoPlist.strings;
			sourceTree = "<group>";
		};
		7617FF1319C0475700A3B9BC /* Main_iPhone.storyboard */ = {
			isa = PBXVariantGroup;
			children = (
				7617FF1419C0475700A3B9BC /* Base */,
			);
			name = Main_iPhone.storyboard;
			sourceTree = "<group>";
		};
		7617FF1619C0475700A3B9BC /* Main_iPad.storyboard */ = {
			isa = PBXVariantGroup;
			children = (
				7617FF1719C0475700A3B9BC /* Base */,
			);
			name = Main_iPad.storyboard;
			sourceTree = "<group>";
		};
		7617FF2C19C0475700A3B9BC /* InfoPlist.strings */ = {
			isa = PBXVariantGroup;
			children = (
				7617FF2D19C0475700A3B9BC /* en */,
			);
			name = InfoPlist.strings;
			sourceTree = "<group>";
		};
/* End PBXVariantGroup section */

/* Begin XCBuildConfiguration section */
		7617FF3119C0475700A3B9BC /* Debug */ = {
			isa = XCBuildConfiguration;
			buildSettings = {
				ALWAYS_SEARCH_USER_PATHS = NO;
				CLANG_CXX_LANGUAGE_STANDARD = "gnu++0x";
				CLANG_CXX_LIBRARY = "libc++";
				CLANG_ENABLE_MODULES = YES;
				CLANG_ENABLE_OBJC_ARC = YES;
				CLANG_WARN_BOOL_CONVERSION = YES;
				CLANG_WARN_CONSTANT_CONVERSION = YES;
				CLANG_WARN_DIRECT_OBJC_ISA_USAGE = YES_ERROR;
				CLANG_WARN_EMPTY_BODY = YES;
				CLANG_WARN_ENUM_CONVERSION = YES;
				CLANG_WARN_INT_CONVERSION = YES;
				CLANG_WARN_OBJC_ROOT_CLASS = YES_ERROR;
				CLANG_WARN__DUPLICATE_METHOD_MATCH = YES;
				"CODE_SIGN_IDENTITY[sdk=iphoneos*]" = "iPhone Developer";
				COPY_PHASE_STRIP = NO;
				GCC_C_LANGUAGE_STANDARD = gnu99;
				GCC_DYNAMIC_NO_PIC = NO;
				GCC_OPTIMIZATION_LEVEL = 0;
				GCC_PREPROCESSOR_DEFINITIONS = (
					"DEBUG=1",
					"$(inherited)",
				);
				GCC_SYMBOLS_PRIVATE_EXTERN = NO;
				GCC_WARN_64_TO_32_BIT_CONVERSION = YES;
				GCC_WARN_ABOUT_RETURN_TYPE = YES_ERROR;
				GCC_WARN_UNDECLARED_SELECTOR = YES;
				GCC_WARN_UNINITIALIZED_AUTOS = YES_AGGRESSIVE;
				GCC_WARN_UNUSED_FUNCTION = YES;
				GCC_WARN_UNUSED_VARIABLE = YES;
				IPHONEOS_DEPLOYMENT_TARGET = 7.1;
				ONLY_ACTIVE_ARCH = YES;
				SDKROOT = iphoneos;
				TARGETED_DEVICE_FAMILY = "1,2";
			};
			name = Debug;
		};
		7617FF3219C0475700A3B9BC /* Release */ = {
			isa = XCBuildConfiguration;
			buildSettings = {
				ALWAYS_SEARCH_USER_PATHS = NO;
				CLANG_CXX_LANGUAGE_STANDARD = "gnu++0x";
				CLANG_CXX_LIBRARY = "libc++";
				CLANG_ENABLE_MODULES = YES;
				CLANG_ENABLE_OBJC_ARC = YES;
				CLANG_WARN_BOOL_CONVERSION = YES;
				CLANG_WARN_CONSTANT_CONVERSION = YES;
				CLANG_WARN_DIRECT_OBJC_ISA_USAGE = YES_ERROR;
				CLANG_WARN_EMPTY_BODY = YES;
				CLANG_WARN_ENUM_CONVERSION = YES;
				CLANG_WARN_INT_CONVERSION = YES;
				CLANG_WARN_OBJC_ROOT_CLASS = YES_ERROR;
				CLANG_WARN__DUPLICATE_METHOD_MATCH = YES;
				"CODE_SIGN_IDENTITY[sdk=iphoneos*]" = "iPhone Developer";
				COPY_PHASE_STRIP = YES;
				ENABLE_NS_ASSERTIONS = NO;
				GCC_C_LANGUAGE_STANDARD = gnu99;
				GCC_WARN_64_TO_32_BIT_CONVERSION = YES;
				GCC_WARN_ABOUT_RETURN_TYPE = YES_ERROR;
				GCC_WARN_UNDECLARED_SELECTOR = YES;
				GCC_WARN_UNINITIALIZED_AUTOS = YES_AGGRESSIVE;
				GCC_WARN_UNUSED_FUNCTION = YES;
				GCC_WARN_UNUSED_VARIABLE = YES;
				IPHONEOS_DEPLOYMENT_TARGET = 7.1;
				SDKROOT = iphoneos;
				TARGETED_DEVICE_FAMILY = "1,2";
				VALIDATE_PRODUCT = YES;
			};
			name = Release;
		};
		7617FF3419C0475700A3B9BC /* Debug */ = {
			isa = XCBuildConfiguration;
			buildSettings = {
				ASSETCATALOG_COMPILER_APPICON_NAME = AppIcon;
				ASSETCATALOG_COMPILER_LAUNCHIMAGE_NAME = LaunchImage;
				GCC_PRECOMPILE_PREFIX_HEADER = YES;
				GCC_PREFIX_HEADER = "SmartQiita/SmartQiita-Prefix.pch";
				INFOPLIST_FILE = "SmartQiita/SmartQiita-Info.plist";
				PRODUCT_NAME = "$(TARGET_NAME)";
				WRAPPER_EXTENSION = app;
			};
			name = Debug;
		};
		7617FF3519C0475700A3B9BC /* Release */ = {
			isa = XCBuildConfiguration;
			buildSettings = {
				ASSETCATALOG_COMPILER_APPICON_NAME = AppIcon;
				ASSETCATALOG_COMPILER_LAUNCHIMAGE_NAME = LaunchImage;
				GCC_PRECOMPILE_PREFIX_HEADER = YES;
				GCC_PREFIX_HEADER = "SmartQiita/SmartQiita-Prefix.pch";
				INFOPLIST_FILE = "SmartQiita/SmartQiita-Info.plist";
				PRODUCT_NAME = "$(TARGET_NAME)";
				WRAPPER_EXTENSION = app;
			};
			name = Release;
		};
		7617FF3719C0475700A3B9BC /* Debug */ = {
			isa = XCBuildConfiguration;
			buildSettings = {
				BUNDLE_LOADER = "$(BUILT_PRODUCTS_DIR)/SmartQiita.app/SmartQiita";
				FRAMEWORK_SEARCH_PATHS = (
					"$(SDKROOT)/Developer/Library/Frameworks",
					"$(inherited)",
					"$(DEVELOPER_FRAMEWORKS_DIR)",
				);
				GCC_PRECOMPILE_PREFIX_HEADER = YES;
				GCC_PREFIX_HEADER = "SmartQiita/SmartQiita-Prefix.pch";
				GCC_PREPROCESSOR_DEFINITIONS = (
					"DEBUG=1",
					"$(inherited)",
				);
				INFOPLIST_FILE = "SmartQiitaTests/SmartQiitaTests-Info.plist";
				PRODUCT_NAME = "$(TARGET_NAME)";
				TEST_HOST = "$(BUNDLE_LOADER)";
				WRAPPER_EXTENSION = xctest;
			};
			name = Debug;
		};
		7617FF3819C0475700A3B9BC /* Release */ = {
			isa = XCBuildConfiguration;
			buildSettings = {
				BUNDLE_LOADER = "$(BUILT_PRODUCTS_DIR)/SmartQiita.app/SmartQiita";
				FRAMEWORK_SEARCH_PATHS = (
					"$(SDKROOT)/Developer/Library/Frameworks",
					"$(inherited)",
					"$(DEVELOPER_FRAMEWORKS_DIR)",
				);
				GCC_PRECOMPILE_PREFIX_HEADER = YES;
				GCC_PREFIX_HEADER = "SmartQiita/SmartQiita-Prefix.pch";
				INFOPLIST_FILE = "SmartQiitaTests/SmartQiitaTests-Info.plist";
				PRODUCT_NAME = "$(TARGET_NAME)";
				TEST_HOST = "$(BUNDLE_LOADER)";
				WRAPPER_EXTENSION = xctest;
			};
			name = Release;
		};
/* End XCBuildConfiguration section */

/* Begin XCConfigurationList section */
		7617FEF919C0475700A3B9BC /* Build configuration list for PBXProject "SmartQiita" */ = {
			isa = XCConfigurationList;
			buildConfigurations = (
				7617FF3119C0475700A3B9BC /* Debug */,
				7617FF3219C0475700A3B9BC /* Release */,
			);
			defaultConfigurationIsVisible = 0;
			defaultConfigurationName = Release;
		};
		7617FF3319C0475700A3B9BC /* Build configuration list for PBXNativeTarget "SmartQiita" */ = {
			isa = XCConfigurationList;
			buildConfigurations = (
				7617FF3419C0475700A3B9BC /* Debug */,
				7617FF3519C0475700A3B9BC /* Release */,
			);
			defaultConfigurationIsVisible = 0;
			defaultConfigurationName = Release;
		};
		7617FF3619C0475700A3B9BC /* Build configuration list for PBXNativeTarget "SmartQiitaTests" */ = {
			isa = XCConfigurationList;
			buildConfigurations = (
				7617FF3719C0475700A3B9BC /* Debug */,
				7617FF3819C0475700A3B9BC /* Release */,
			);
			defaultConfigurationIsVisible = 0;
			defaultConfigurationName = Release;
		};
/* End XCConfigurationList section */
	};
	rootObject = 7617FEF619C0475700A3B9BC /* Project object */;
}
