// !$*UTF8*$!
{
	archiveVersion = 1;
	classes = {
	};
	objectVersion = 46;
	objects = {

/* Begin PBXBuildFile section */
		7606B6C019C572A500C9A3A8 /* MKAnnotationView+WebCache.m in Sources */ = {isa = PBXBuildFile; fileRef = 7606B6A019C572A500C9A3A8 /* MKAnnotationView+WebCache.m */; };
		7606B6C119C572A500C9A3A8 /* NSData+ImageContentType.m in Sources */ = {isa = PBXBuildFile; fileRef = 7606B6A219C572A500C9A3A8 /* NSData+ImageContentType.m */; };
		7606B6C219C572A500C9A3A8 /* SDImageCache.m in Sources */ = {isa = PBXBuildFile; fileRef = 7606B6A419C572A500C9A3A8 /* SDImageCache.m */; };
		7606B6C319C572A500C9A3A8 /* SDWebImageCompat.m in Sources */ = {isa = PBXBuildFile; fileRef = 7606B6A619C572A500C9A3A8 /* SDWebImageCompat.m */; };
		7606B6C419C572A500C9A3A8 /* SDWebImageDecoder.m in Sources */ = {isa = PBXBuildFile; fileRef = 7606B6A819C572A500C9A3A8 /* SDWebImageDecoder.m */; };
		7606B6C519C572A500C9A3A8 /* SDWebImageDownloader.m in Sources */ = {isa = PBXBuildFile; fileRef = 7606B6AA19C572A500C9A3A8 /* SDWebImageDownloader.m */; };
		7606B6C619C572A500C9A3A8 /* SDWebImageDownloaderOperation.m in Sources */ = {isa = PBXBuildFile; fileRef = 7606B6AC19C572A500C9A3A8 /* SDWebImageDownloaderOperation.m */; };
		7606B6C719C572A500C9A3A8 /* SDWebImageManager.m in Sources */ = {isa = PBXBuildFile; fileRef = 7606B6AE19C572A500C9A3A8 /* SDWebImageManager.m */; };
		7606B6C819C572A500C9A3A8 /* SDWebImagePrefetcher.m in Sources */ = {isa = PBXBuildFile; fileRef = 7606B6B119C572A500C9A3A8 /* SDWebImagePrefetcher.m */; };
		7606B6C919C572A500C9A3A8 /* UIButton+WebCache.m in Sources */ = {isa = PBXBuildFile; fileRef = 7606B6B319C572A500C9A3A8 /* UIButton+WebCache.m */; };
		7606B6CA19C572A500C9A3A8 /* UIImage+GIF.m in Sources */ = {isa = PBXBuildFile; fileRef = 7606B6B519C572A500C9A3A8 /* UIImage+GIF.m */; };
		7606B6CB19C572A500C9A3A8 /* UIImage+MultiFormat.m in Sources */ = {isa = PBXBuildFile; fileRef = 7606B6B719C572A500C9A3A8 /* UIImage+MultiFormat.m */; };
		7606B6CC19C572A500C9A3A8 /* UIImage+WebP.m in Sources */ = {isa = PBXBuildFile; fileRef = 7606B6B919C572A500C9A3A8 /* UIImage+WebP.m */; };
		7606B6CD19C572A500C9A3A8 /* UIImageView+HighlightedWebCache.m in Sources */ = {isa = PBXBuildFile; fileRef = 7606B6BB19C572A500C9A3A8 /* UIImageView+HighlightedWebCache.m */; };
		7606B6CE19C572A500C9A3A8 /* UIImageView+WebCache.m in Sources */ = {isa = PBXBuildFile; fileRef = 7606B6BD19C572A500C9A3A8 /* UIImageView+WebCache.m */; };
		7606B6CF19C572A500C9A3A8 /* UIView+WebCacheOperation.m in Sources */ = {isa = PBXBuildFile; fileRef = 7606B6BF19C572A500C9A3A8 /* UIView+WebCacheOperation.m */; };
		7606B6D219C5745F00C9A3A8 /* placeholder.png in Resources */ = {isa = PBXBuildFile; fileRef = 7606B6D119C5745F00C9A3A8 /* placeholder.png */; };
		7617FF0219C0475700A3B9BC /* Foundation.framework in Frameworks */ = {isa = PBXBuildFile; fileRef = 7617FF0119C0475700A3B9BC /* Foundation.framework */; };
		7617FF0419C0475700A3B9BC /* CoreGraphics.framework in Frameworks */ = {isa = PBXBuildFile; fileRef = 7617FF0319C0475700A3B9BC /* CoreGraphics.framework */; };
		7617FF0619C0475700A3B9BC /* UIKit.framework in Frameworks */ = {isa = PBXBuildFile; fileRef = 7617FF0519C0475700A3B9BC /* UIKit.framework */; };
		7617FF0C19C0475700A3B9BC /* InfoPlist.strings in Resources */ = {isa = PBXBuildFile; fileRef = 7617FF0A19C0475700A3B9BC /* InfoPlist.strings */; };
		7617FF0E19C0475700A3B9BC /* main.m in Sources */ = {isa = PBXBuildFile; fileRef = 7617FF0D19C0475700A3B9BC /* main.m */; };
		7617FF1219C0475700A3B9BC /* AppDelegate.m in Sources */ = {isa = PBXBuildFile; fileRef = 7617FF1119C0475700A3B9BC /* AppDelegate.m */; };
		7617FF1519C0475700A3B9BC /* Main_iPhone.storyboard in Resources */ = {isa = PBXBuildFile; fileRef = 7617FF1319C0475700A3B9BC /* Main_iPhone.storyboard */; };
		7617FF1819C0475700A3B9BC /* Main_iPad.storyboard in Resources */ = {isa = PBXBuildFile; fileRef = 7617FF1619C0475700A3B9BC /* Main_iPad.storyboard */; };
		7617FF1D19C0475700A3B9BC /* Images.xcassets in Resources */ = {isa = PBXBuildFile; fileRef = 7617FF1C19C0475700A3B9BC /* Images.xcassets */; };
		7617FF2419C0475700A3B9BC /* XCTest.framework in Frameworks */ = {isa = PBXBuildFile; fileRef = 7617FF2319C0475700A3B9BC /* XCTest.framework */; };
		7617FF2519C0475700A3B9BC /* Foundation.framework in Frameworks */ = {isa = PBXBuildFile; fileRef = 7617FF0119C0475700A3B9BC /* Foundation.framework */; };
		7617FF2619C0475700A3B9BC /* UIKit.framework in Frameworks */ = {isa = PBXBuildFile; fileRef = 7617FF0519C0475700A3B9BC /* UIKit.framework */; };
		7617FF2E19C0475700A3B9BC /* InfoPlist.strings in Resources */ = {isa = PBXBuildFile; fileRef = 7617FF2C19C0475700A3B9BC /* InfoPlist.strings */; };
		7617FF3019C0475700A3B9BC /* SmartQiitaTests.m in Sources */ = {isa = PBXBuildFile; fileRef = 7617FF2F19C0475700A3B9BC /* SmartQiitaTests.m */; };
		7617FF3B19C0478D00A3B9BC /* ArticleTableViewController.m in Sources */ = {isa = PBXBuildFile; fileRef = 7617FF3A19C0478D00A3B9BC /* ArticleTableViewController.m */; };
		7617FF3E19C049F500A3B9BC /* ArticleTableViewCell.m in Sources */ = {isa = PBXBuildFile; fileRef = 7617FF3D19C049F500A3B9BC /* ArticleTableViewCell.m */; };
		7617FF4419C0538300A3B9BC /* DetailViewController.m in Sources */ = {isa = PBXBuildFile; fileRef = 7617FF4319C0538300A3B9BC /* DetailViewController.m */; };
		76BB903319C076CB002E95D3 /* MenuTableViewController.m in Sources */ = {isa = PBXBuildFile; fileRef = 76BB903219C076CB002E95D3 /* MenuTableViewController.m */; };
		76BB903919C085EC002E95D3 /* TagViewController.m in Sources */ = {isa = PBXBuildFile; fileRef = 76BB903819C085EC002E95D3 /* TagViewController.m */; };
		76BB903C19C0870D002E95D3 /* TagViewCell.m in Sources */ = {isa = PBXBuildFile; fileRef = 76BB903B19C0870D002E95D3 /* TagViewCell.m */; };
		76D78BE519C6BA5900BA163D /* adventcalendar.jpg in Resources */ = {isa = PBXBuildFile; fileRef = 76D78B8019C6BA5900BA163D /* adventcalendar.jpg */; };
		76D78BE619C6BA5900BA163D /* android.jpg in Resources */ = {isa = PBXBuildFile; fileRef = 76D78B8119C6BA5900BA163D /* android.jpg */; };
		76D78BE719C6BA5900BA163D /* angularjs.jpg in Resources */ = {isa = PBXBuildFile; fileRef = 76D78B8219C6BA5900BA163D /* angularjs.jpg */; };
		76D78BE819C6BA5900BA163D /* ansible.jpg in Resources */ = {isa = PBXBuildFile; fileRef = 76D78B8319C6BA5900BA163D /* ansible.jpg */; };
		76D78BE919C6BA5900BA163D /* apache.jpg in Resources */ = {isa = PBXBuildFile; fileRef = 76D78B8419C6BA5900BA163D /* apache.jpg */; };
		76D78BEA19C6BA5900BA163D /* aws.jpg in Resources */ = {isa = PBXBuildFile; fileRef = 76D78B8519C6BA5900BA163D /* aws.jpg */; };
		76D78BEB19C6BA5900BA163D /* backbone.jpg in Resources */ = {isa = PBXBuildFile; fileRef = 76D78B8619C6BA5900BA163D /* backbone.jpg */; };
		76D78BEC19C6BA5900BA163D /* bash.jpg in Resources */ = {isa = PBXBuildFile; fileRef = 76D78B8719C6BA5900BA163D /* bash.jpg */; };
		76D78BED19C6BA5900BA163D /* bootstrap.jpg in Resources */ = {isa = PBXBuildFile; fileRef = 76D78B8819C6BA5900BA163D /* bootstrap.jpg */; };
		76D78BEE19C6BA5900BA163D /* c.jpg in Resources */ = {isa = PBXBuildFile; fileRef = 76D78B8919C6BA5900BA163D /* c.jpg */; };
		76D78BEF19C6BA5900BA163D /* cakephp.jpg in Resources */ = {isa = PBXBuildFile; fileRef = 76D78B8A19C6BA5900BA163D /* cakephp.jpg */; };
		76D78BF019C6BA5900BA163D /* capistrano.jpg in Resources */ = {isa = PBXBuildFile; fileRef = 76D78B8B19C6BA5900BA163D /* capistrano.jpg */; };
		76D78BF119C6BA5900BA163D /* centos.jpg in Resources */ = {isa = PBXBuildFile; fileRef = 76D78B8C19C6BA5900BA163D /* centos.jpg */; };
		76D78BF219C6BA5900BA163D /* chef.jpg in Resources */ = {isa = PBXBuildFile; fileRef = 76D78B8D19C6BA5900BA163D /* chef.jpg */; };
		76D78BF319C6BA5900BA163D /* chrome.jpg in Resources */ = {isa = PBXBuildFile; fileRef = 76D78B8E19C6BA5900BA163D /* chrome.jpg */; };
		76D78BF419C6BA5900BA163D /* clojure.jpg in Resources */ = {isa = PBXBuildFile; fileRef = 76D78B8F19C6BA5900BA163D /* clojure.jpg */; };
		76D78BF519C6BA5900BA163D /* cocos2d.jpg in Resources */ = {isa = PBXBuildFile; fileRef = 76D78B9019C6BA5900BA163D /* cocos2d.jpg */; };
		76D78BF619C6BA5900BA163D /* coffeescript.jpg in Resources */ = {isa = PBXBuildFile; fileRef = 76D78B9119C6BA5900BA163D /* coffeescript.jpg */; };
		76D78BF719C6BA5900BA163D /* css.jpg in Resources */ = {isa = PBXBuildFile; fileRef = 76D78B9219C6BA5900BA163D /* css.jpg */; };
		76D78BF819C6BA5900BA163D /* css3.jpg in Resources */ = {isa = PBXBuildFile; fileRef = 76D78B9319C6BA5900BA163D /* css3.jpg */; };
		76D78BF919C6BA5900BA163D /* debian.jpg in Resources */ = {isa = PBXBuildFile; fileRef = 76D78B9419C6BA5900BA163D /* debian.jpg */; };
		76D78BFA19C6BA5900BA163D /* django.jpg in Resources */ = {isa = PBXBuildFile; fileRef = 76D78B9519C6BA5900BA163D /* django.jpg */; };
		76D78BFB19C6BA5900BA163D /* docker.jpg in Resources */ = {isa = PBXBuildFile; fileRef = 76D78B9619C6BA5900BA163D /* docker.jpg */; };
		76D78BFC19C6BA5900BA163D /* ec2.jpg in Resources */ = {isa = PBXBuildFile; fileRef = 76D78B9719C6BA5900BA163D /* ec2.jpg */; };
		76D78BFD19C6BA5900BA163D /* eclipse.jpg in Resources */ = {isa = PBXBuildFile; fileRef = 76D78B9819C6BA5900BA163D /* eclipse.jpg */; };
		76D78BFE19C6BA5900BA163D /* emacs.jpg in Resources */ = {isa = PBXBuildFile; fileRef = 76D78B9919C6BA5900BA163D /* emacs.jpg */; };
		76D78BFF19C6BA5900BA163D /* excel.jpg in Resources */ = {isa = PBXBuildFile; fileRef = 76D78B9A19C6BA5900BA163D /* excel.jpg */; };
		76D78C0019C6BA5900BA163D /* facebook.jpg in Resources */ = {isa = PBXBuildFile; fileRef = 76D78B9B19C6BA5900BA163D /* facebook.jpg */; };
		76D78C0119C6BA5900BA163D /* fluentd.jpg in Resources */ = {isa = PBXBuildFile; fileRef = 76D78B9C19C6BA5900BA163D /* fluentd.jpg */; };
		76D78C0219C6BA5900BA163D /* fuelphp.jpg in Resources */ = {isa = PBXBuildFile; fileRef = 76D78B9D19C6BA5900BA163D /* fuelphp.jpg */; };
		76D78C0319C6BA5900BA163D /* gem.jpg in Resources */ = {isa = PBXBuildFile; fileRef = 76D78B9E19C6BA5900BA163D /* gem.jpg */; };
		76D78C0419C6BA5900BA163D /* git.jpg in Resources */ = {isa = PBXBuildFile; fileRef = 76D78B9F19C6BA5900BA163D /* git.jpg */; };
		76D78C0519C6BA5900BA163D /* github.jpg in Resources */ = {isa = PBXBuildFile; fileRef = 76D78BA019C6BA5900BA163D /* github.jpg */; };
		76D78C0619C6BA5900BA163D /* gitlab.jpg in Resources */ = {isa = PBXBuildFile; fileRef = 76D78BA119C6BA5900BA163D /* gitlab.jpg */; };
		76D78C0719C6BA5900BA163D /* go.jpg in Resources */ = {isa = PBXBuildFile; fileRef = 76D78BA219C6BA5900BA163D /* go.jpg */; };
		76D78C0819C6BA5900BA163D /* golang.jpg in Resources */ = {isa = PBXBuildFile; fileRef = 76D78BA319C6BA5900BA163D /* golang.jpg */; };
		76D78C0919C6BA5900BA163D /* googleappsscript.jpg in Resources */ = {isa = PBXBuildFile; fileRef = 76D78BA419C6BA5900BA163D /* googleappsscript.jpg */; };
		76D78C0A19C6BA5900BA163D /* groovy.jpg in Resources */ = {isa = PBXBuildFile; fileRef = 76D78BA519C6BA5900BA163D /* groovy.jpg */; };
		76D78C0B19C6BA5900BA163D /* grunt.jpg in Resources */ = {isa = PBXBuildFile; fileRef = 76D78BA619C6BA5900BA163D /* grunt.jpg */; };
		76D78C0C19C6BA5900BA163D /* haskell.jpg in Resources */ = {isa = PBXBuildFile; fileRef = 76D78BA719C6BA5900BA163D /* haskell.jpg */; };
		76D78C0D19C6BA5900BA163D /* heroku.jpg in Resources */ = {isa = PBXBuildFile; fileRef = 76D78BA819C6BA5900BA163D /* heroku.jpg */; };
		76D78C0E19C6BA5900BA163D /* homebrew.jpg in Resources */ = {isa = PBXBuildFile; fileRef = 76D78BA919C6BA5900BA163D /* homebrew.jpg */; };
		76D78C0F19C6BA5900BA163D /* html.jpg in Resources */ = {isa = PBXBuildFile; fileRef = 76D78BAA19C6BA5900BA163D /* html.jpg */; };
		76D78C1019C6BA5900BA163D /* html5.jpg in Resources */ = {isa = PBXBuildFile; fileRef = 76D78BAB19C6BA5900BA163D /* html5.jpg */; };
		76D78C1119C6BA5900BA163D /* ios.jpg in Resources */ = {isa = PBXBuildFile; fileRef = 76D78BAC19C6BA5900BA163D /* ios.jpg */; };
		76D78C1219C6BA5900BA163D /* iphone.jpg in Resources */ = {isa = PBXBuildFile; fileRef = 76D78BAD19C6BA5900BA163D /* iphone.jpg */; };
		76D78C1319C6BA5900BA163D /* java.jpg in Resources */ = {isa = PBXBuildFile; fileRef = 76D78BAE19C6BA5900BA163D /* java.jpg */; };
		76D78C1419C6BA5900BA163D /* javascript.jpg in Resources */ = {isa = PBXBuildFile; fileRef = 76D78BAF19C6BA5900BA163D /* javascript.jpg */; };
		76D78C1519C6BA5900BA163D /* jenkins.jpg in Resources */ = {isa = PBXBuildFile; fileRef = 76D78BB019C6BA5900BA163D /* jenkins.jpg */; };
		76D78C1619C6BA5900BA163D /* jquery.jpg in Resources */ = {isa = PBXBuildFile; fileRef = 76D78BB119C6BA5900BA163D /* jquery.jpg */; };
		76D78C1719C6BA5900BA163D /* laravel.jpg in Resources */ = {isa = PBXBuildFile; fileRef = 76D78BB219C6BA5900BA163D /* laravel.jpg */; };
		76D78C1819C6BA5900BA163D /* linux.jpg in Resources */ = {isa = PBXBuildFile; fileRef = 76D78BB319C6BA5900BA163D /* linux.jpg */; };
		76D78C1919C6BA5900BA163D /* mac.jpg in Resources */ = {isa = PBXBuildFile; fileRef = 76D78BB419C6BA5900BA163D /* mac.jpg */; };
		76D78C1A19C6BA5900BA163D /* macosx.jpg in Resources */ = {isa = PBXBuildFile; fileRef = 76D78BB519C6BA5900BA163D /* macosx.jpg */; };
		76D78C1B19C6BA5900BA163D /* markdown.jpg in Resources */ = {isa = PBXBuildFile; fileRef = 76D78BB619C6BA5900BA163D /* markdown.jpg */; };
		76D78C1C19C6BA5900BA163D /* mongodb.jpg in Resources */ = {isa = PBXBuildFile; fileRef = 76D78BB719C6BA5900BA163D /* mongodb.jpg */; };
		76D78C1D19C6BA5900BA163D /* mysql.jpg in Resources */ = {isa = PBXBuildFile; fileRef = 76D78BB819C6BA5900BA163D /* mysql.jpg */; };
		76D78C1E19C6BA5900BA163D /* nginx.jpg in Resources */ = {isa = PBXBuildFile; fileRef = 76D78BB919C6BA5900BA163D /* nginx.jpg */; };
		76D78C1F19C6BA5900BA163D /* node.jpg in Resources */ = {isa = PBXBuildFile; fileRef = 76D78BBA19C6BA5900BA163D /* node.jpg */; };
		76D78C2019C6BA5900BA163D /* objective-c.jpg in Resources */ = {isa = PBXBuildFile; fileRef = 76D78BBB19C6BA5900BA163D /* objective-c.jpg */; };
		76D78C2119C6BA5900BA163D /* osx.jpg in Resources */ = {isa = PBXBuildFile; fileRef = 76D78BBC19C6BA5900BA163D /* osx.jpg */; };
		76D78C2219C6BA5900BA163D /* perl.jpg in Resources */ = {isa = PBXBuildFile; fileRef = 76D78BBD19C6BA5900BA163D /* perl.jpg */; };
		76D78C2319C6BA5900BA163D /* php.jpg in Resources */ = {isa = PBXBuildFile; fileRef = 76D78BBE19C6BA5900BA163D /* php.jpg */; };
		76D78C2519C6BA5900BA163D /* postgresql.jpg in Resources */ = {isa = PBXBuildFile; fileRef = 76D78BC019C6BA5900BA163D /* postgresql.jpg */; };
		76D78C2619C6BA5900BA163D /* python.jpg in Resources */ = {isa = PBXBuildFile; fileRef = 76D78BC119C6BA5900BA163D /* python.jpg */; };
		76D78C2719C6BA5900BA163D /* qiita.jpg in Resources */ = {isa = PBXBuildFile; fileRef = 76D78BC219C6BA5900BA163D /* qiita.jpg */; };
		76D78C2819C6BA5900BA163D /* r.jpg in Resources */ = {isa = PBXBuildFile; fileRef = 76D78BC319C6BA5900BA163D /* r.jpg */; };
		76D78C2919C6BA5900BA163D /* rails.jpg in Resources */ = {isa = PBXBuildFile; fileRef = 76D78BC419C6BA5900BA163D /* rails.jpg */; };
		76D78C2A19C6BA5900BA163D /* rails4.jpg in Resources */ = {isa = PBXBuildFile; fileRef = 76D78BC519C6BA5900BA163D /* rails4.jpg */; };
		76D78C2B19C6BA5900BA163D /* rbenv.jpg in Resources */ = {isa = PBXBuildFile; fileRef = 76D78BC619C6BA5900BA163D /* rbenv.jpg */; };
		76D78C2C19C6BA5900BA163D /* redmine.jpg in Resources */ = {isa = PBXBuildFile; fileRef = 76D78BC719C6BA5900BA163D /* redmine.jpg */; };
		76D78C2D19C6BA5900BA163D /* rspec.jpg in Resources */ = {isa = PBXBuildFile; fileRef = 76D78BC819C6BA5900BA163D /* rspec.jpg */; };
		76D78C2E19C6BA5900BA163D /* ruby.jpg in Resources */ = {isa = PBXBuildFile; fileRef = 76D78BC919C6BA5900BA163D /* ruby.jpg */; };
		76D78C2F19C6BA5900BA163D /* sass.jpg in Resources */ = {isa = PBXBuildFile; fileRef = 76D78BCA19C6BA5900BA163D /* sass.jpg */; };
		76D78C3019C6BA5900BA163D /* scala.jpg in Resources */ = {isa = PBXBuildFile; fileRef = 76D78BCB19C6BA5900BA163D /* scala.jpg */; };
		76D78C3119C6BA5900BA163D /* shell.jpg in Resources */ = {isa = PBXBuildFile; fileRef = 76D78BCC19C6BA5900BA163D /* shell.jpg */; };
		76D78C3219C6BA5900BA163D /* shellscript.jpg in Resources */ = {isa = PBXBuildFile; fileRef = 76D78BCD19C6BA5900BA163D /* shellscript.jpg */; };
		76D78C3319C6BA5900BA163D /* sql.jpg in Resources */ = {isa = PBXBuildFile; fileRef = 76D78BCE19C6BA5900BA163D /* sql.jpg */; };
		76D78C3419C6BA5900BA163D /* ssh.jpg in Resources */ = {isa = PBXBuildFile; fileRef = 76D78BCF19C6BA5900BA163D /* ssh.jpg */; };
		76D78C3519C6BA5900BA163D /* sublimetext2.jpg in Resources */ = {isa = PBXBuildFile; fileRef = 76D78BD019C6BA5900BA163D /* sublimetext2.jpg */; };
		76D78C3619C6BA5900BA163D /* swift.jpg in Resources */ = {isa = PBXBuildFile; fileRef = 76D78BD119C6BA5900BA163D /* swift.jpg */; };
		76D78C3719C6BA5900BA163D /* terminal.jpg in Resources */ = {isa = PBXBuildFile; fileRef = 76D78BD219C6BA5900BA163D /* terminal.jpg */; };
		76D78C3819C6BA5900BA163D /* test.jpg in Resources */ = {isa = PBXBuildFile; fileRef = 76D78BD319C6BA5900BA163D /* test.jpg */; };
		76D78C3919C6BA5900BA163D /* titanium.jpg in Resources */ = {isa = PBXBuildFile; fileRef = 76D78BD419C6BA5900BA163D /* titanium.jpg */; };
		76D78C3A19C6BA5900BA163D /* tmux.jpg in Resources */ = {isa = PBXBuildFile; fileRef = 76D78BD519C6BA5900BA163D /* tmux.jpg */; };
		76D78C3B19C6BA5900BA163D /* twitter.jpg in Resources */ = {isa = PBXBuildFile; fileRef = 76D78BD619C6BA5900BA163D /* twitter.jpg */; };
		76D78C3C19C6BA5900BA163D /* ubuntu.jpg in Resources */ = {isa = PBXBuildFile; fileRef = 76D78BD719C6BA5900BA163D /* ubuntu.jpg */; };
		76D78C3D19C6BA5900BA163D /* unity.jpg in Resources */ = {isa = PBXBuildFile; fileRef = 76D78BD819C6BA5900BA163D /* unity.jpg */; };
		76D78C3E19C6BA5900BA163D /* unity3d.jpg in Resources */ = {isa = PBXBuildFile; fileRef = 76D78BD919C6BA5900BA163D /* unity3d.jpg */; };
		76D78C3F19C6BA5900BA163D /* unix.jpg in Resources */ = {isa = PBXBuildFile; fileRef = 76D78BDA19C6BA5900BA163D /* unix.jpg */; };
		76D78C4019C6BA5900BA163D /* vagrant.jpg in Resources */ = {isa = PBXBuildFile; fileRef = 76D78BDB19C6BA5900BA163D /* vagrant.jpg */; };
		76D78C4119C6BA5900BA163D /* vim.jpg in Resources */ = {isa = PBXBuildFile; fileRef = 76D78BDC19C6BA5900BA163D /* vim.jpg */; };
		76D78C4219C6BA5900BA163D /* virtualbox.jpg in Resources */ = {isa = PBXBuildFile; fileRef = 76D78BDD19C6BA5900BA163D /* virtualbox.jpg */; };
		76D78C4319C6BA5900BA163D /* windows.jpg in Resources */ = {isa = PBXBuildFile; fileRef = 76D78BDE19C6BA5900BA163D /* windows.jpg */; };
		76D78C4419C6BA5900BA163D /* wordpress.jpg in Resources */ = {isa = PBXBuildFile; fileRef = 76D78BDF19C6BA5900BA163D /* wordpress.jpg */; };
		76D78C4519C6BA5900BA163D /* xamarin.jpg in Resources */ = {isa = PBXBuildFile; fileRef = 76D78BE019C6BA5900BA163D /* xamarin.jpg */; };
		76D78C4619C6BA5900BA163D /* xcode.jpg in Resources */ = {isa = PBXBuildFile; fileRef = 76D78BE119C6BA5900BA163D /* xcode.jpg */; };
		76D78C4719C6BA5900BA163D /* yhpg.jpg in Resources */ = {isa = PBXBuildFile; fileRef = 76D78BE219C6BA5900BA163D /* yhpg.jpg */; };
		76D78C4819C6BA5900BA163D /* zsh.jpg in Resources */ = {isa = PBXBuildFile; fileRef = 76D78BE319C6BA5900BA163D /* zsh.jpg */; };
		76D78C4919C6BA5900BA163D /* どう書く.jpg in Resources */ = {isa = PBXBuildFile; fileRef = 76D78BE419C6BA5900BA163D /* どう書く.jpg */; };
/* End PBXBuildFile section */

/* Begin PBXContainerItemProxy section */
		7617FF2719C0475700A3B9BC /* PBXContainerItemProxy */ = {
			isa = PBXContainerItemProxy;
			containerPortal = 7617FEF619C0475700A3B9BC /* Project object */;
			proxyType = 1;
			remoteGlobalIDString = 7617FEFD19C0475700A3B9BC;
			remoteInfo = SmartQiita;
		};
/* End PBXContainerItemProxy section */

/* Begin PBXFileReference section */
		7606B69F19C572A500C9A3A8 /* MKAnnotationView+WebCache.h */ = {isa = PBXFileReference; fileEncoding = 4; lastKnownFileType = sourcecode.c.h; path = "MKAnnotationView+WebCache.h"; sourceTree = "<group>"; };
		7606B6A019C572A500C9A3A8 /* MKAnnotationView+WebCache.m */ = {isa = PBXFileReference; fileEncoding = 4; lastKnownFileType = sourcecode.c.objc; path = "MKAnnotationView+WebCache.m"; sourceTree = "<group>"; };
		7606B6A119C572A500C9A3A8 /* NSData+ImageContentType.h */ = {isa = PBXFileReference; fileEncoding = 4; lastKnownFileType = sourcecode.c.h; path = "NSData+ImageContentType.h"; sourceTree = "<group>"; };
		7606B6A219C572A500C9A3A8 /* NSData+ImageContentType.m */ = {isa = PBXFileReference; fileEncoding = 4; lastKnownFileType = sourcecode.c.objc; path = "NSData+ImageContentType.m"; sourceTree = "<group>"; };
		7606B6A319C572A500C9A3A8 /* SDImageCache.h */ = {isa = PBXFileReference; fileEncoding = 4; lastKnownFileType = sourcecode.c.h; path = SDImageCache.h; sourceTree = "<group>"; };
		7606B6A419C572A500C9A3A8 /* SDImageCache.m */ = {isa = PBXFileReference; fileEncoding = 4; lastKnownFileType = sourcecode.c.objc; path = SDImageCache.m; sourceTree = "<group>"; };
		7606B6A519C572A500C9A3A8 /* SDWebImageCompat.h */ = {isa = PBXFileReference; fileEncoding = 4; lastKnownFileType = sourcecode.c.h; path = SDWebImageCompat.h; sourceTree = "<group>"; };
		7606B6A619C572A500C9A3A8 /* SDWebImageCompat.m */ = {isa = PBXFileReference; fileEncoding = 4; lastKnownFileType = sourcecode.c.objc; path = SDWebImageCompat.m; sourceTree = "<group>"; };
		7606B6A719C572A500C9A3A8 /* SDWebImageDecoder.h */ = {isa = PBXFileReference; fileEncoding = 4; lastKnownFileType = sourcecode.c.h; path = SDWebImageDecoder.h; sourceTree = "<group>"; };
		7606B6A819C572A500C9A3A8 /* SDWebImageDecoder.m */ = {isa = PBXFileReference; fileEncoding = 4; lastKnownFileType = sourcecode.c.objc; path = SDWebImageDecoder.m; sourceTree = "<group>"; };
		7606B6A919C572A500C9A3A8 /* SDWebImageDownloader.h */ = {isa = PBXFileReference; fileEncoding = 4; lastKnownFileType = sourcecode.c.h; path = SDWebImageDownloader.h; sourceTree = "<group>"; };
		7606B6AA19C572A500C9A3A8 /* SDWebImageDownloader.m */ = {isa = PBXFileReference; fileEncoding = 4; lastKnownFileType = sourcecode.c.objc; path = SDWebImageDownloader.m; sourceTree = "<group>"; };
		7606B6AB19C572A500C9A3A8 /* SDWebImageDownloaderOperation.h */ = {isa = PBXFileReference; fileEncoding = 4; lastKnownFileType = sourcecode.c.h; path = SDWebImageDownloaderOperation.h; sourceTree = "<group>"; };
		7606B6AC19C572A500C9A3A8 /* SDWebImageDownloaderOperation.m */ = {isa = PBXFileReference; fileEncoding = 4; lastKnownFileType = sourcecode.c.objc; path = SDWebImageDownloaderOperation.m; sourceTree = "<group>"; };
		7606B6AD19C572A500C9A3A8 /* SDWebImageManager.h */ = {isa = PBXFileReference; fileEncoding = 4; lastKnownFileType = sourcecode.c.h; path = SDWebImageManager.h; sourceTree = "<group>"; };
		7606B6AE19C572A500C9A3A8 /* SDWebImageManager.m */ = {isa = PBXFileReference; fileEncoding = 4; lastKnownFileType = sourcecode.c.objc; path = SDWebImageManager.m; sourceTree = "<group>"; };
		7606B6AF19C572A500C9A3A8 /* SDWebImageOperation.h */ = {isa = PBXFileReference; fileEncoding = 4; lastKnownFileType = sourcecode.c.h; path = SDWebImageOperation.h; sourceTree = "<group>"; };
		7606B6B019C572A500C9A3A8 /* SDWebImagePrefetcher.h */ = {isa = PBXFileReference; fileEncoding = 4; lastKnownFileType = sourcecode.c.h; path = SDWebImagePrefetcher.h; sourceTree = "<group>"; };
		7606B6B119C572A500C9A3A8 /* SDWebImagePrefetcher.m */ = {isa = PBXFileReference; fileEncoding = 4; lastKnownFileType = sourcecode.c.objc; path = SDWebImagePrefetcher.m; sourceTree = "<group>"; };
		7606B6B219C572A500C9A3A8 /* UIButton+WebCache.h */ = {isa = PBXFileReference; fileEncoding = 4; lastKnownFileType = sourcecode.c.h; path = "UIButton+WebCache.h"; sourceTree = "<group>"; };
		7606B6B319C572A500C9A3A8 /* UIButton+WebCache.m */ = {isa = PBXFileReference; fileEncoding = 4; lastKnownFileType = sourcecode.c.objc; path = "UIButton+WebCache.m"; sourceTree = "<group>"; };
		7606B6B419C572A500C9A3A8 /* UIImage+GIF.h */ = {isa = PBXFileReference; fileEncoding = 4; lastKnownFileType = sourcecode.c.h; path = "UIImage+GIF.h"; sourceTree = "<group>"; };
		7606B6B519C572A500C9A3A8 /* UIImage+GIF.m */ = {isa = PBXFileReference; fileEncoding = 4; lastKnownFileType = sourcecode.c.objc; path = "UIImage+GIF.m"; sourceTree = "<group>"; };
		7606B6B619C572A500C9A3A8 /* UIImage+MultiFormat.h */ = {isa = PBXFileReference; fileEncoding = 4; lastKnownFileType = sourcecode.c.h; path = "UIImage+MultiFormat.h"; sourceTree = "<group>"; };
		7606B6B719C572A500C9A3A8 /* UIImage+MultiFormat.m */ = {isa = PBXFileReference; fileEncoding = 4; lastKnownFileType = sourcecode.c.objc; path = "UIImage+MultiFormat.m"; sourceTree = "<group>"; };
		7606B6B819C572A500C9A3A8 /* UIImage+WebP.h */ = {isa = PBXFileReference; fileEncoding = 4; lastKnownFileType = sourcecode.c.h; path = "UIImage+WebP.h"; sourceTree = "<group>"; };
		7606B6B919C572A500C9A3A8 /* UIImage+WebP.m */ = {isa = PBXFileReference; fileEncoding = 4; lastKnownFileType = sourcecode.c.objc; path = "UIImage+WebP.m"; sourceTree = "<group>"; };
		7606B6BA19C572A500C9A3A8 /* UIImageView+HighlightedWebCache.h */ = {isa = PBXFileReference; fileEncoding = 4; lastKnownFileType = sourcecode.c.h; path = "UIImageView+HighlightedWebCache.h"; sourceTree = "<group>"; };
		7606B6BB19C572A500C9A3A8 /* UIImageView+HighlightedWebCache.m */ = {isa = PBXFileReference; fileEncoding = 4; lastKnownFileType = sourcecode.c.objc; path = "UIImageView+HighlightedWebCache.m"; sourceTree = "<group>"; };
		7606B6BC19C572A500C9A3A8 /* UIImageView+WebCache.h */ = {isa = PBXFileReference; fileEncoding = 4; lastKnownFileType = sourcecode.c.h; path = "UIImageView+WebCache.h"; sourceTree = "<group>"; };
		7606B6BD19C572A500C9A3A8 /* UIImageView+WebCache.m */ = {isa = PBXFileReference; fileEncoding = 4; lastKnownFileType = sourcecode.c.objc; path = "UIImageView+WebCache.m"; sourceTree = "<group>"; };
		7606B6BE19C572A500C9A3A8 /* UIView+WebCacheOperation.h */ = {isa = PBXFileReference; fileEncoding = 4; lastKnownFileType = sourcecode.c.h; path = "UIView+WebCacheOperation.h"; sourceTree = "<group>"; };
		7606B6BF19C572A500C9A3A8 /* UIView+WebCacheOperation.m */ = {isa = PBXFileReference; fileEncoding = 4; lastKnownFileType = sourcecode.c.objc; path = "UIView+WebCacheOperation.m"; sourceTree = "<group>"; };
		7606B6D119C5745F00C9A3A8 /* placeholder.png */ = {isa = PBXFileReference; lastKnownFileType = image.png; path = placeholder.png; sourceTree = "<group>"; };
		7617FEFE19C0475700A3B9BC /* SmartQiita.app */ = {isa = PBXFileReference; explicitFileType = wrapper.application; includeInIndex = 0; path = SmartQiita.app; sourceTree = BUILT_PRODUCTS_DIR; };
		7617FF0119C0475700A3B9BC /* Foundation.framework */ = {isa = PBXFileReference; lastKnownFileType = wrapper.framework; name = Foundation.framework; path = System/Library/Frameworks/Foundation.framework; sourceTree = SDKROOT; };
		7617FF0319C0475700A3B9BC /* CoreGraphics.framework */ = {isa = PBXFileReference; lastKnownFileType = wrapper.framework; name = CoreGraphics.framework; path = System/Library/Frameworks/CoreGraphics.framework; sourceTree = SDKROOT; };
		7617FF0519C0475700A3B9BC /* UIKit.framework */ = {isa = PBXFileReference; lastKnownFileType = wrapper.framework; name = UIKit.framework; path = System/Library/Frameworks/UIKit.framework; sourceTree = SDKROOT; };
		7617FF0919C0475700A3B9BC /* SmartQiita-Info.plist */ = {isa = PBXFileReference; lastKnownFileType = text.plist.xml; path = "SmartQiita-Info.plist"; sourceTree = "<group>"; };
		7617FF0B19C0475700A3B9BC /* en */ = {isa = PBXFileReference; lastKnownFileType = text.plist.strings; name = en; path = en.lproj/InfoPlist.strings; sourceTree = "<group>"; };
		7617FF0D19C0475700A3B9BC /* main.m */ = {isa = PBXFileReference; lastKnownFileType = sourcecode.c.objc; path = main.m; sourceTree = "<group>"; };
		7617FF0F19C0475700A3B9BC /* SmartQiita-Prefix.pch */ = {isa = PBXFileReference; lastKnownFileType = sourcecode.c.h; path = "SmartQiita-Prefix.pch"; sourceTree = "<group>"; };
		7617FF1019C0475700A3B9BC /* AppDelegate.h */ = {isa = PBXFileReference; lastKnownFileType = sourcecode.c.h; path = AppDelegate.h; sourceTree = "<group>"; };
		7617FF1119C0475700A3B9BC /* AppDelegate.m */ = {isa = PBXFileReference; lastKnownFileType = sourcecode.c.objc; path = AppDelegate.m; sourceTree = "<group>"; };
		7617FF1419C0475700A3B9BC /* Base */ = {isa = PBXFileReference; lastKnownFileType = file.storyboard; name = Base; path = Base.lproj/Main_iPhone.storyboard; sourceTree = "<group>"; };
		7617FF1719C0475700A3B9BC /* Base */ = {isa = PBXFileReference; lastKnownFileType = file.storyboard; name = Base; path = Base.lproj/Main_iPad.storyboard; sourceTree = "<group>"; };
		7617FF1C19C0475700A3B9BC /* Images.xcassets */ = {isa = PBXFileReference; lastKnownFileType = folder.assetcatalog; path = Images.xcassets; sourceTree = "<group>"; };
		7617FF2219C0475700A3B9BC /* SmartQiitaTests.xctest */ = {isa = PBXFileReference; explicitFileType = wrapper.cfbundle; includeInIndex = 0; path = SmartQiitaTests.xctest; sourceTree = BUILT_PRODUCTS_DIR; };
		7617FF2319C0475700A3B9BC /* XCTest.framework */ = {isa = PBXFileReference; lastKnownFileType = wrapper.framework; name = XCTest.framework; path = Library/Frameworks/XCTest.framework; sourceTree = DEVELOPER_DIR; };
		7617FF2B19C0475700A3B9BC /* SmartQiitaTests-Info.plist */ = {isa = PBXFileReference; lastKnownFileType = text.plist.xml; path = "SmartQiitaTests-Info.plist"; sourceTree = "<group>"; };
		7617FF2D19C0475700A3B9BC /* en */ = {isa = PBXFileReference; lastKnownFileType = text.plist.strings; name = en; path = en.lproj/InfoPlist.strings; sourceTree = "<group>"; };
		7617FF2F19C0475700A3B9BC /* SmartQiitaTests.m */ = {isa = PBXFileReference; lastKnownFileType = sourcecode.c.objc; path = SmartQiitaTests.m; sourceTree = "<group>"; };
		7617FF3919C0478D00A3B9BC /* ArticleTableViewController.h */ = {isa = PBXFileReference; fileEncoding = 4; lastKnownFileType = sourcecode.c.h; name = ArticleTableViewController.h; path = ../ArticleTableViewController.h; sourceTree = "<group>"; };
		7617FF3A19C0478D00A3B9BC /* ArticleTableViewController.m */ = {isa = PBXFileReference; fileEncoding = 4; lastKnownFileType = sourcecode.c.objc; name = ArticleTableViewController.m; path = ../ArticleTableViewController.m; sourceTree = "<group>"; };
		7617FF3C19C049F500A3B9BC /* ArticleTableViewCell.h */ = {isa = PBXFileReference; fileEncoding = 4; lastKnownFileType = sourcecode.c.h; name = ArticleTableViewCell.h; path = ../ArticleTableViewCell.h; sourceTree = "<group>"; };
		7617FF3D19C049F500A3B9BC /* ArticleTableViewCell.m */ = {isa = PBXFileReference; fileEncoding = 4; lastKnownFileType = sourcecode.c.objc; name = ArticleTableViewCell.m; path = ../ArticleTableViewCell.m; sourceTree = "<group>"; };
		7617FF4219C0538300A3B9BC /* DetailViewController.h */ = {isa = PBXFileReference; fileEncoding = 4; lastKnownFileType = sourcecode.c.h; path = DetailViewController.h; sourceTree = "<group>"; };
		7617FF4319C0538300A3B9BC /* DetailViewController.m */ = {isa = PBXFileReference; fileEncoding = 4; lastKnownFileType = sourcecode.c.objc; path = DetailViewController.m; sourceTree = "<group>"; };
		76BB903119C076CB002E95D3 /* MenuTableViewController.h */ = {isa = PBXFileReference; fileEncoding = 4; lastKnownFileType = sourcecode.c.h; name = MenuTableViewController.h; path = ../MenuTableViewController.h; sourceTree = "<group>"; };
		76BB903219C076CB002E95D3 /* MenuTableViewController.m */ = {isa = PBXFileReference; fileEncoding = 4; lastKnownFileType = sourcecode.c.objc; name = MenuTableViewController.m; path = ../MenuTableViewController.m; sourceTree = "<group>"; };
		76BB903719C085EC002E95D3 /* TagViewController.h */ = {isa = PBXFileReference; fileEncoding = 4; lastKnownFileType = sourcecode.c.h; path = TagViewController.h; sourceTree = "<group>"; };
		76BB903819C085EC002E95D3 /* TagViewController.m */ = {isa = PBXFileReference; fileEncoding = 4; lastKnownFileType = sourcecode.c.objc; path = TagViewController.m; sourceTree = "<group>"; };
		76BB903A19C0870D002E95D3 /* TagViewCell.h */ = {isa = PBXFileReference; fileEncoding = 4; lastKnownFileType = sourcecode.c.h; path = TagViewCell.h; sourceTree = "<group>"; };
		76BB903B19C0870D002E95D3 /* TagViewCell.m */ = {isa = PBXFileReference; fileEncoding = 4; lastKnownFileType = sourcecode.c.objc; path = TagViewCell.m; sourceTree = "<group>"; };
		76D78B8019C6BA5900BA163D /* adventcalendar.jpg */ = {isa = PBXFileReference; lastKnownFileType = image.jpeg; path = adventcalendar.jpg; sourceTree = "<group>"; };
		76D78B8119C6BA5900BA163D /* android.jpg */ = {isa = PBXFileReference; lastKnownFileType = image.jpeg; path = android.jpg; sourceTree = "<group>"; };
		76D78B8219C6BA5900BA163D /* angularjs.jpg */ = {isa = PBXFileReference; lastKnownFileType = image.jpeg; path = angularjs.jpg; sourceTree = "<group>"; };
		76D78B8319C6BA5900BA163D /* ansible.jpg */ = {isa = PBXFileReference; lastKnownFileType = image.jpeg; path = ansible.jpg; sourceTree = "<group>"; };
		76D78B8419C6BA5900BA163D /* apache.jpg */ = {isa = PBXFileReference; lastKnownFileType = image.jpeg; path = apache.jpg; sourceTree = "<group>"; };
		76D78B8519C6BA5900BA163D /* aws.jpg */ = {isa = PBXFileReference; lastKnownFileType = image.jpeg; path = aws.jpg; sourceTree = "<group>"; };
		76D78B8619C6BA5900BA163D /* backbone.jpg */ = {isa = PBXFileReference; lastKnownFileType = image.jpeg; path = backbone.jpg; sourceTree = "<group>"; };
		76D78B8719C6BA5900BA163D /* bash.jpg */ = {isa = PBXFileReference; lastKnownFileType = image.jpeg; path = bash.jpg; sourceTree = "<group>"; };
		76D78B8819C6BA5900BA163D /* bootstrap.jpg */ = {isa = PBXFileReference; lastKnownFileType = image.jpeg; path = bootstrap.jpg; sourceTree = "<group>"; };
		76D78B8919C6BA5900BA163D /* c.jpg */ = {isa = PBXFileReference; lastKnownFileType = image.jpeg; path = c.jpg; sourceTree = "<group>"; };
		76D78B8A19C6BA5900BA163D /* cakephp.jpg */ = {isa = PBXFileReference; lastKnownFileType = image.jpeg; path = cakephp.jpg; sourceTree = "<group>"; };
		76D78B8B19C6BA5900BA163D /* capistrano.jpg */ = {isa = PBXFileReference; lastKnownFileType = image.jpeg; path = capistrano.jpg; sourceTree = "<group>"; };
		76D78B8C19C6BA5900BA163D /* centos.jpg */ = {isa = PBXFileReference; lastKnownFileType = image.jpeg; path = centos.jpg; sourceTree = "<group>"; };
		76D78B8D19C6BA5900BA163D /* chef.jpg */ = {isa = PBXFileReference; lastKnownFileType = image.jpeg; path = chef.jpg; sourceTree = "<group>"; };
		76D78B8E19C6BA5900BA163D /* chrome.jpg */ = {isa = PBXFileReference; lastKnownFileType = image.jpeg; path = chrome.jpg; sourceTree = "<group>"; };
		76D78B8F19C6BA5900BA163D /* clojure.jpg */ = {isa = PBXFileReference; lastKnownFileType = image.jpeg; path = clojure.jpg; sourceTree = "<group>"; };
		76D78B9019C6BA5900BA163D /* cocos2d.jpg */ = {isa = PBXFileReference; lastKnownFileType = image.jpeg; path = cocos2d.jpg; sourceTree = "<group>"; };
		76D78B9119C6BA5900BA163D /* coffeescript.jpg */ = {isa = PBXFileReference; lastKnownFileType = image.jpeg; path = coffeescript.jpg; sourceTree = "<group>"; };
		76D78B9219C6BA5900BA163D /* css.jpg */ = {isa = PBXFileReference; lastKnownFileType = image.jpeg; path = css.jpg; sourceTree = "<group>"; };
		76D78B9319C6BA5900BA163D /* css3.jpg */ = {isa = PBXFileReference; lastKnownFileType = image.jpeg; path = css3.jpg; sourceTree = "<group>"; };
		76D78B9419C6BA5900BA163D /* debian.jpg */ = {isa = PBXFileReference; lastKnownFileType = image.jpeg; path = debian.jpg; sourceTree = "<group>"; };
		76D78B9519C6BA5900BA163D /* django.jpg */ = {isa = PBXFileReference; lastKnownFileType = image.jpeg; path = django.jpg; sourceTree = "<group>"; };
		76D78B9619C6BA5900BA163D /* docker.jpg */ = {isa = PBXFileReference; lastKnownFileType = image.jpeg; path = docker.jpg; sourceTree = "<group>"; };
		76D78B9719C6BA5900BA163D /* ec2.jpg */ = {isa = PBXFileReference; lastKnownFileType = image.jpeg; path = ec2.jpg; sourceTree = "<group>"; };
		76D78B9819C6BA5900BA163D /* eclipse.jpg */ = {isa = PBXFileReference; lastKnownFileType = image.jpeg; path = eclipse.jpg; sourceTree = "<group>"; };
		76D78B9919C6BA5900BA163D /* emacs.jpg */ = {isa = PBXFileReference; lastKnownFileType = image.jpeg; path = emacs.jpg; sourceTree = "<group>"; };
		76D78B9A19C6BA5900BA163D /* excel.jpg */ = {isa = PBXFileReference; lastKnownFileType = image.jpeg; path = excel.jpg; sourceTree = "<group>"; };
		76D78B9B19C6BA5900BA163D /* facebook.jpg */ = {isa = PBXFileReference; lastKnownFileType = image.jpeg; path = facebook.jpg; sourceTree = "<group>"; };
		76D78B9C19C6BA5900BA163D /* fluentd.jpg */ = {isa = PBXFileReference; lastKnownFileType = image.jpeg; path = fluentd.jpg; sourceTree = "<group>"; };
		76D78B9D19C6BA5900BA163D /* fuelphp.jpg */ = {isa = PBXFileReference; lastKnownFileType = image.jpeg; path = fuelphp.jpg; sourceTree = "<group>"; };
		76D78B9E19C6BA5900BA163D /* gem.jpg */ = {isa = PBXFileReference; lastKnownFileType = image.jpeg; path = gem.jpg; sourceTree = "<group>"; };
		76D78B9F19C6BA5900BA163D /* git.jpg */ = {isa = PBXFileReference; lastKnownFileType = image.jpeg; path = git.jpg; sourceTree = "<group>"; };
		76D78BA019C6BA5900BA163D /* github.jpg */ = {isa = PBXFileReference; lastKnownFileType = image.jpeg; path = github.jpg; sourceTree = "<group>"; };
		76D78BA119C6BA5900BA163D /* gitlab.jpg */ = {isa = PBXFileReference; lastKnownFileType = image.jpeg; path = gitlab.jpg; sourceTree = "<group>"; };
		76D78BA219C6BA5900BA163D /* go.jpg */ = {isa = PBXFileReference; lastKnownFileType = image.jpeg; path = go.jpg; sourceTree = "<group>"; };
		76D78BA319C6BA5900BA163D /* golang.jpg */ = {isa = PBXFileReference; lastKnownFileType = image.jpeg; path = golang.jpg; sourceTree = "<group>"; };
		76D78BA419C6BA5900BA163D /* googleappsscript.jpg */ = {isa = PBXFileReference; lastKnownFileType = image.jpeg; path = googleappsscript.jpg; sourceTree = "<group>"; };
		76D78BA519C6BA5900BA163D /* groovy.jpg */ = {isa = PBXFileReference; lastKnownFileType = image.jpeg; path = groovy.jpg; sourceTree = "<group>"; };
		76D78BA619C6BA5900BA163D /* grunt.jpg */ = {isa = PBXFileReference; lastKnownFileType = image.jpeg; path = grunt.jpg; sourceTree = "<group>"; };
		76D78BA719C6BA5900BA163D /* haskell.jpg */ = {isa = PBXFileReference; lastKnownFileType = image.jpeg; path = haskell.jpg; sourceTree = "<group>"; };
		76D78BA819C6BA5900BA163D /* heroku.jpg */ = {isa = PBXFileReference; lastKnownFileType = image.jpeg; path = heroku.jpg; sourceTree = "<group>"; };
		76D78BA919C6BA5900BA163D /* homebrew.jpg */ = {isa = PBXFileReference; lastKnownFileType = image.jpeg; path = homebrew.jpg; sourceTree = "<group>"; };
		76D78BAA19C6BA5900BA163D /* html.jpg */ = {isa = PBXFileReference; lastKnownFileType = image.jpeg; path = html.jpg; sourceTree = "<group>"; };
		76D78BAB19C6BA5900BA163D /* html5.jpg */ = {isa = PBXFileReference; lastKnownFileType = image.jpeg; path = html5.jpg; sourceTree = "<group>"; };
		76D78BAC19C6BA5900BA163D /* ios.jpg */ = {isa = PBXFileReference; lastKnownFileType = image.jpeg; path = ios.jpg; sourceTree = "<group>"; };
		76D78BAD19C6BA5900BA163D /* iphone.jpg */ = {isa = PBXFileReference; lastKnownFileType = image.jpeg; path = iphone.jpg; sourceTree = "<group>"; };
		76D78BAE19C6BA5900BA163D /* java.jpg */ = {isa = PBXFileReference; lastKnownFileType = image.jpeg; path = java.jpg; sourceTree = "<group>"; };
		76D78BAF19C6BA5900BA163D /* javascript.jpg */ = {isa = PBXFileReference; lastKnownFileType = image.jpeg; path = javascript.jpg; sourceTree = "<group>"; };
		76D78BB019C6BA5900BA163D /* jenkins.jpg */ = {isa = PBXFileReference; lastKnownFileType = image.jpeg; path = jenkins.jpg; sourceTree = "<group>"; };
		76D78BB119C6BA5900BA163D /* jquery.jpg */ = {isa = PBXFileReference; lastKnownFileType = image.jpeg; path = jquery.jpg; sourceTree = "<group>"; };
		76D78BB219C6BA5900BA163D /* laravel.jpg */ = {isa = PBXFileReference; lastKnownFileType = image.jpeg; path = laravel.jpg; sourceTree = "<group>"; };
		76D78BB319C6BA5900BA163D /* linux.jpg */ = {isa = PBXFileReference; lastKnownFileType = image.jpeg; path = linux.jpg; sourceTree = "<group>"; };
		76D78BB419C6BA5900BA163D /* mac.jpg */ = {isa = PBXFileReference; lastKnownFileType = image.jpeg; path = mac.jpg; sourceTree = "<group>"; };
		76D78BB519C6BA5900BA163D /* macosx.jpg */ = {isa = PBXFileReference; lastKnownFileType = image.jpeg; path = macosx.jpg; sourceTree = "<group>"; };
		76D78BB619C6BA5900BA163D /* markdown.jpg */ = {isa = PBXFileReference; lastKnownFileType = image.jpeg; path = markdown.jpg; sourceTree = "<group>"; };
		76D78BB719C6BA5900BA163D /* mongodb.jpg */ = {isa = PBXFileReference; lastKnownFileType = image.jpeg; path = mongodb.jpg; sourceTree = "<group>"; };
		76D78BB819C6BA5900BA163D /* mysql.jpg */ = {isa = PBXFileReference; lastKnownFileType = image.jpeg; path = mysql.jpg; sourceTree = "<group>"; };
		76D78BB919C6BA5900BA163D /* nginx.jpg */ = {isa = PBXFileReference; lastKnownFileType = image.jpeg; path = nginx.jpg; sourceTree = "<group>"; };
		76D78BBA19C6BA5900BA163D /* node.jpg */ = {isa = PBXFileReference; lastKnownFileType = image.jpeg; path = node.jpg; sourceTree = "<group>"; };
		76D78BBB19C6BA5900BA163D /* objective-c.jpg */ = {isa = PBXFileReference; lastKnownFileType = image.jpeg; path = "objective-c.jpg"; sourceTree = "<group>"; };
		76D78BBC19C6BA5900BA163D /* osx.jpg */ = {isa = PBXFileReference; lastKnownFileType = image.jpeg; path = osx.jpg; sourceTree = "<group>"; };
		76D78BBD19C6BA5900BA163D /* perl.jpg */ = {isa = PBXFileReference; lastKnownFileType = image.jpeg; path = perl.jpg; sourceTree = "<group>"; };
		76D78BBE19C6BA5900BA163D /* php.jpg */ = {isa = PBXFileReference; lastKnownFileType = image.jpeg; path = php.jpg; sourceTree = "<group>"; };
		76D78BC019C6BA5900BA163D /* postgresql.jpg */ = {isa = PBXFileReference; lastKnownFileType = image.jpeg; path = postgresql.jpg; sourceTree = "<group>"; };
		76D78BC119C6BA5900BA163D /* python.jpg */ = {isa = PBXFileReference; lastKnownFileType = image.jpeg; path = python.jpg; sourceTree = "<group>"; };
		76D78BC219C6BA5900BA163D /* qiita.jpg */ = {isa = PBXFileReference; lastKnownFileType = image.jpeg; path = qiita.jpg; sourceTree = "<group>"; };
		76D78BC319C6BA5900BA163D /* r.jpg */ = {isa = PBXFileReference; lastKnownFileType = image.jpeg; path = r.jpg; sourceTree = "<group>"; };
		76D78BC419C6BA5900BA163D /* rails.jpg */ = {isa = PBXFileReference; lastKnownFileType = image.jpeg; path = rails.jpg; sourceTree = "<group>"; };
		76D78BC519C6BA5900BA163D /* rails4.jpg */ = {isa = PBXFileReference; lastKnownFileType = image.jpeg; path = rails4.jpg; sourceTree = "<group>"; };
		76D78BC619C6BA5900BA163D /* rbenv.jpg */ = {isa = PBXFileReference; lastKnownFileType = image.jpeg; path = rbenv.jpg; sourceTree = "<group>"; };
		76D78BC719C6BA5900BA163D /* redmine.jpg */ = {isa = PBXFileReference; lastKnownFileType = image.jpeg; path = redmine.jpg; sourceTree = "<group>"; };
		76D78BC819C6BA5900BA163D /* rspec.jpg */ = {isa = PBXFileReference; lastKnownFileType = image.jpeg; path = rspec.jpg; sourceTree = "<group>"; };
		76D78BC919C6BA5900BA163D /* ruby.jpg */ = {isa = PBXFileReference; lastKnownFileType = image.jpeg; path = ruby.jpg; sourceTree = "<group>"; };
		76D78BCA19C6BA5900BA163D /* sass.jpg */ = {isa = PBXFileReference; lastKnownFileType = image.jpeg; path = sass.jpg; sourceTree = "<group>"; };
		76D78BCB19C6BA5900BA163D /* scala.jpg */ = {isa = PBXFileReference; lastKnownFileType = image.jpeg; path = scala.jpg; sourceTree = "<group>"; };
		76D78BCC19C6BA5900BA163D /* shell.jpg */ = {isa = PBXFileReference; lastKnownFileType = image.jpeg; path = shell.jpg; sourceTree = "<group>"; };
		76D78BCD19C6BA5900BA163D /* shellscript.jpg */ = {isa = PBXFileReference; lastKnownFileType = image.jpeg; path = shellscript.jpg; sourceTree = "<group>"; };
		76D78BCE19C6BA5900BA163D /* sql.jpg */ = {isa = PBXFileReference; lastKnownFileType = image.jpeg; path = sql.jpg; sourceTree = "<group>"; };
		76D78BCF19C6BA5900BA163D /* ssh.jpg */ = {isa = PBXFileReference; lastKnownFileType = image.jpeg; path = ssh.jpg; sourceTree = "<group>"; };
		76D78BD019C6BA5900BA163D /* sublimetext2.jpg */ = {isa = PBXFileReference; lastKnownFileType = image.jpeg; path = sublimetext2.jpg; sourceTree = "<group>"; };
		76D78BD119C6BA5900BA163D /* swift.jpg */ = {isa = PBXFileReference; lastKnownFileType = image.jpeg; path = swift.jpg; sourceTree = "<group>"; };
		76D78BD219C6BA5900BA163D /* terminal.jpg */ = {isa = PBXFileReference; lastKnownFileType = image.jpeg; path = terminal.jpg; sourceTree = "<group>"; };
		76D78BD319C6BA5900BA163D /* test.jpg */ = {isa = PBXFileReference; lastKnownFileType = image.jpeg; path = test.jpg; sourceTree = "<group>"; };
		76D78BD419C6BA5900BA163D /* titanium.jpg */ = {isa = PBXFileReference; lastKnownFileType = image.jpeg; path = titanium.jpg; sourceTree = "<group>"; };
		76D78BD519C6BA5900BA163D /* tmux.jpg */ = {isa = PBXFileReference; lastKnownFileType = image.jpeg; path = tmux.jpg; sourceTree = "<group>"; };
		76D78BD619C6BA5900BA163D /* twitter.jpg */ = {isa = PBXFileReference; lastKnownFileType = image.jpeg; path = twitter.jpg; sourceTree = "<group>"; };
		76D78BD719C6BA5900BA163D /* ubuntu.jpg */ = {isa = PBXFileReference; lastKnownFileType = image.jpeg; path = ubuntu.jpg; sourceTree = "<group>"; };
		76D78BD819C6BA5900BA163D /* unity.jpg */ = {isa = PBXFileReference; lastKnownFileType = image.jpeg; path = unity.jpg; sourceTree = "<group>"; };
		76D78BD919C6BA5900BA163D /* unity3d.jpg */ = {isa = PBXFileReference; lastKnownFileType = image.jpeg; path = unity3d.jpg; sourceTree = "<group>"; };
		76D78BDA19C6BA5900BA163D /* unix.jpg */ = {isa = PBXFileReference; lastKnownFileType = image.jpeg; path = unix.jpg; sourceTree = "<group>"; };
		76D78BDB19C6BA5900BA163D /* vagrant.jpg */ = {isa = PBXFileReference; lastKnownFileType = image.jpeg; path = vagrant.jpg; sourceTree = "<group>"; };
		76D78BDC19C6BA5900BA163D /* vim.jpg */ = {isa = PBXFileReference; lastKnownFileType = image.jpeg; path = vim.jpg; sourceTree = "<group>"; };
		76D78BDD19C6BA5900BA163D /* virtualbox.jpg */ = {isa = PBXFileReference; lastKnownFileType = image.jpeg; path = virtualbox.jpg; sourceTree = "<group>"; };
		76D78BDE19C6BA5900BA163D /* windows.jpg */ = {isa = PBXFileReference; lastKnownFileType = image.jpeg; path = windows.jpg; sourceTree = "<group>"; };
		76D78BDF19C6BA5900BA163D /* wordpress.jpg */ = {isa = PBXFileReference; lastKnownFileType = image.jpeg; path = wordpress.jpg; sourceTree = "<group>"; };
		76D78BE019C6BA5900BA163D /* xamarin.jpg */ = {isa = PBXFileReference; lastKnownFileType = image.jpeg; path = xamarin.jpg; sourceTree = "<group>"; };
		76D78BE119C6BA5900BA163D /* xcode.jpg */ = {isa = PBXFileReference; lastKnownFileType = image.jpeg; path = xcode.jpg; sourceTree = "<group>"; };
		76D78BE219C6BA5900BA163D /* yhpg.jpg */ = {isa = PBXFileReference; lastKnownFileType = image.jpeg; path = yhpg.jpg; sourceTree = "<group>"; };
		76D78BE319C6BA5900BA163D /* zsh.jpg */ = {isa = PBXFileReference; lastKnownFileType = image.jpeg; path = zsh.jpg; sourceTree = "<group>"; };
		76D78BE419C6BA5900BA163D /* どう書く.jpg */ = {isa = PBXFileReference; lastKnownFileType = image.jpeg; path = "どう書く.jpg"; sourceTree = "<group>"; };
/* End PBXFileReference section */

/* Begin PBXFrameworksBuildPhase section */
		7617FEFB19C0475700A3B9BC /* Frameworks */ = {
			isa = PBXFrameworksBuildPhase;
			buildActionMask = 2147483647;
			files = (
				7617FF0419C0475700A3B9BC /* CoreGraphics.framework in Frameworks */,
				7617FF0619C0475700A3B9BC /* UIKit.framework in Frameworks */,
				7617FF0219C0475700A3B9BC /* Foundation.framework in Frameworks */,
			);
			runOnlyForDeploymentPostprocessing = 0;
		};
		7617FF1F19C0475700A3B9BC /* Frameworks */ = {
			isa = PBXFrameworksBuildPhase;
			buildActionMask = 2147483647;
			files = (
				7617FF2419C0475700A3B9BC /* XCTest.framework in Frameworks */,
				7617FF2619C0475700A3B9BC /* UIKit.framework in Frameworks */,
				7617FF2519C0475700A3B9BC /* Foundation.framework in Frameworks */,
			);
			runOnlyForDeploymentPostprocessing = 0;
		};
/* End PBXFrameworksBuildPhase section */

/* Begin PBXGroup section */
		7606B66819C5727F00C9A3A8 /* Library */ = {
			isa = PBXGroup;
			children = (
				7606B69E19C572A500C9A3A8 /* SDWebImage */,
			);
			path = Library;
			sourceTree = "<group>";
		};
		7606B69E19C572A500C9A3A8 /* SDWebImage */ = {
			isa = PBXGroup;
			children = (
				7606B69F19C572A500C9A3A8 /* MKAnnotationView+WebCache.h */,
				7606B6A019C572A500C9A3A8 /* MKAnnotationView+WebCache.m */,
				7606B6A119C572A500C9A3A8 /* NSData+ImageContentType.h */,
				7606B6A219C572A500C9A3A8 /* NSData+ImageContentType.m */,
				7606B6A319C572A500C9A3A8 /* SDImageCache.h */,
				7606B6A419C572A500C9A3A8 /* SDImageCache.m */,
				7606B6A519C572A500C9A3A8 /* SDWebImageCompat.h */,
				7606B6A619C572A500C9A3A8 /* SDWebImageCompat.m */,
				7606B6A719C572A500C9A3A8 /* SDWebImageDecoder.h */,
				7606B6A819C572A500C9A3A8 /* SDWebImageDecoder.m */,
				7606B6A919C572A500C9A3A8 /* SDWebImageDownloader.h */,
				7606B6AA19C572A500C9A3A8 /* SDWebImageDownloader.m */,
				7606B6AB19C572A500C9A3A8 /* SDWebImageDownloaderOperation.h */,
				7606B6AC19C572A500C9A3A8 /* SDWebImageDownloaderOperation.m */,
				7606B6AD19C572A500C9A3A8 /* SDWebImageManager.h */,
				7606B6AE19C572A500C9A3A8 /* SDWebImageManager.m */,
				7606B6AF19C572A500C9A3A8 /* SDWebImageOperation.h */,
				7606B6B019C572A500C9A3A8 /* SDWebImagePrefetcher.h */,
				7606B6B119C572A500C9A3A8 /* SDWebImagePrefetcher.m */,
				7606B6B219C572A500C9A3A8 /* UIButton+WebCache.h */,
				7606B6B319C572A500C9A3A8 /* UIButton+WebCache.m */,
				7606B6B419C572A500C9A3A8 /* UIImage+GIF.h */,
				7606B6B519C572A500C9A3A8 /* UIImage+GIF.m */,
				7606B6B619C572A500C9A3A8 /* UIImage+MultiFormat.h */,
				7606B6B719C572A500C9A3A8 /* UIImage+MultiFormat.m */,
				7606B6B819C572A500C9A3A8 /* UIImage+WebP.h */,
				7606B6B919C572A500C9A3A8 /* UIImage+WebP.m */,
				7606B6BA19C572A500C9A3A8 /* UIImageView+HighlightedWebCache.h */,
				7606B6BB19C572A500C9A3A8 /* UIImageView+HighlightedWebCache.m */,
				7606B6BC19C572A500C9A3A8 /* UIImageView+WebCache.h */,
				7606B6BD19C572A500C9A3A8 /* UIImageView+WebCache.m */,
				7606B6BE19C572A500C9A3A8 /* UIView+WebCacheOperation.h */,
				7606B6BF19C572A500C9A3A8 /* UIView+WebCacheOperation.m */,
			);
			path = SDWebImage;
			sourceTree = "<group>";
		};
		7606B6D019C5744D00C9A3A8 /* Image */ = {
			isa = PBXGroup;
			children = (
				76D78B7F19C6BA4A00BA163D /* tags */,
				7606B6D119C5745F00C9A3A8 /* placeholder.png */,
			);
			path = Image;
			sourceTree = "<group>";
		};
		7617FEF519C0475700A3B9BC = {
			isa = PBXGroup;
			children = (
				7617FF0719C0475700A3B9BC /* SmartQiita */,
				7617FF2919C0475700A3B9BC /* SmartQiitaTests */,
				7617FF0019C0475700A3B9BC /* Frameworks */,
				7617FEFF19C0475700A3B9BC /* Products */,
			);
			sourceTree = "<group>";
		};
		7617FEFF19C0475700A3B9BC /* Products */ = {
			isa = PBXGroup;
			children = (
				7617FEFE19C0475700A3B9BC /* SmartQiita.app */,
				7617FF2219C0475700A3B9BC /* SmartQiitaTests.xctest */,
			);
			name = Products;
			sourceTree = "<group>";
		};
		7617FF0019C0475700A3B9BC /* Frameworks */ = {
			isa = PBXGroup;
			children = (
				7617FF0119C0475700A3B9BC /* Foundation.framework */,
				7617FF0319C0475700A3B9BC /* CoreGraphics.framework */,
				7617FF0519C0475700A3B9BC /* UIKit.framework */,
				7617FF2319C0475700A3B9BC /* XCTest.framework */,
			);
			name = Frameworks;
			sourceTree = "<group>";
		};
		7617FF0719C0475700A3B9BC /* SmartQiita */ = {
			isa = PBXGroup;
			children = (
				76BB903119C076CB002E95D3 /* MenuTableViewController.h */,
				76BB903219C076CB002E95D3 /* MenuTableViewController.m */,
				76BB903719C085EC002E95D3 /* TagViewController.h */,
				76BB903819C085EC002E95D3 /* TagViewController.m */,
				76BB903A19C0870D002E95D3 /* TagViewCell.h */,
				76BB903B19C0870D002E95D3 /* TagViewCell.m */,
				7617FF3C19C049F500A3B9BC /* ArticleTableViewCell.h */,
				7617FF3D19C049F500A3B9BC /* ArticleTableViewCell.m */,
				7617FF3919C0478D00A3B9BC /* ArticleTableViewController.h */,
				7617FF3A19C0478D00A3B9BC /* ArticleTableViewController.m */,
				7617FF4219C0538300A3B9BC /* DetailViewController.h */,
				7617FF4319C0538300A3B9BC /* DetailViewController.m */,
				7617FF1019C0475700A3B9BC /* AppDelegate.h */,
				7617FF1119C0475700A3B9BC /* AppDelegate.m */,
				7617FF1319C0475700A3B9BC /* Main_iPhone.storyboard */,
				7617FF1619C0475700A3B9BC /* Main_iPad.storyboard */,
				7617FF1C19C0475700A3B9BC /* Images.xcassets */,
				7606B6D019C5744D00C9A3A8 /* Image */,
				7606B66819C5727F00C9A3A8 /* Library */,
				7617FF0819C0475700A3B9BC /* Supporting Files */,
			);
			path = SmartQiita;
			sourceTree = "<group>";
		};
		7617FF0819C0475700A3B9BC /* Supporting Files */ = {
			isa = PBXGroup;
			children = (
				7617FF0919C0475700A3B9BC /* SmartQiita-Info.plist */,
				7617FF0A19C0475700A3B9BC /* InfoPlist.strings */,
				7617FF0D19C0475700A3B9BC /* main.m */,
				7617FF0F19C0475700A3B9BC /* SmartQiita-Prefix.pch */,
			);
			name = "Supporting Files";
			sourceTree = "<group>";
		};
		7617FF2919C0475700A3B9BC /* SmartQiitaTests */ = {
			isa = PBXGroup;
			children = (
				7617FF2F19C0475700A3B9BC /* SmartQiitaTests.m */,
				7617FF2A19C0475700A3B9BC /* Supporting Files */,
			);
			path = SmartQiitaTests;
			sourceTree = "<group>";
		};
		7617FF2A19C0475700A3B9BC /* Supporting Files */ = {
			isa = PBXGroup;
			children = (
				7617FF2B19C0475700A3B9BC /* SmartQiitaTests-Info.plist */,
				7617FF2C19C0475700A3B9BC /* InfoPlist.strings */,
			);
			name = "Supporting Files";
			sourceTree = "<group>";
		};
		76D78B7F19C6BA4A00BA163D /* tags */ = {
			isa = PBXGroup;
			children = (
				76D78B8019C6BA5900BA163D /* adventcalendar.jpg */,
				76D78B8119C6BA5900BA163D /* android.jpg */,
				76D78B8219C6BA5900BA163D /* angularjs.jpg */,
				76D78B8319C6BA5900BA163D /* ansible.jpg */,
				76D78B8419C6BA5900BA163D /* apache.jpg */,
				76D78B8519C6BA5900BA163D /* aws.jpg */,
				76D78B8619C6BA5900BA163D /* backbone.jpg */,
				76D78B8719C6BA5900BA163D /* bash.jpg */,
				76D78B8819C6BA5900BA163D /* bootstrap.jpg */,
				76D78B8919C6BA5900BA163D /* c.jpg */,
				76D78B8A19C6BA5900BA163D /* cakephp.jpg */,
				76D78B8B19C6BA5900BA163D /* capistrano.jpg */,
				76D78B8C19C6BA5900BA163D /* centos.jpg */,
				76D78B8D19C6BA5900BA163D /* chef.jpg */,
				76D78B8E19C6BA5900BA163D /* chrome.jpg */,
				76D78B8F19C6BA5900BA163D /* clojure.jpg */,
				76D78B9019C6BA5900BA163D /* cocos2d.jpg */,
				76D78B9119C6BA5900BA163D /* coffeescript.jpg */,
				76D78B9219C6BA5900BA163D /* css.jpg */,
				76D78B9319C6BA5900BA163D /* css3.jpg */,
				76D78B9419C6BA5900BA163D /* debian.jpg */,
				76D78B9519C6BA5900BA163D /* django.jpg */,
				76D78B9619C6BA5900BA163D /* docker.jpg */,
				76D78B9719C6BA5900BA163D /* ec2.jpg */,
				76D78B9819C6BA5900BA163D /* eclipse.jpg */,
				76D78B9919C6BA5900BA163D /* emacs.jpg */,
				76D78B9A19C6BA5900BA163D /* excel.jpg */,
				76D78B9B19C6BA5900BA163D /* facebook.jpg */,
				76D78B9C19C6BA5900BA163D /* fluentd.jpg */,
				76D78B9D19C6BA5900BA163D /* fuelphp.jpg */,
				76D78B9E19C6BA5900BA163D /* gem.jpg */,
				76D78B9F19C6BA5900BA163D /* git.jpg */,
				76D78BA019C6BA5900BA163D /* github.jpg */,
				76D78BA119C6BA5900BA163D /* gitlab.jpg */,
				76D78BA219C6BA5900BA163D /* go.jpg */,
				76D78BA319C6BA5900BA163D /* golang.jpg */,
				76D78BA419C6BA5900BA163D /* googleappsscript.jpg */,
				76D78BA519C6BA5900BA163D /* groovy.jpg */,
				76D78BA619C6BA5900BA163D /* grunt.jpg */,
				76D78BA719C6BA5900BA163D /* haskell.jpg */,
				76D78BA819C6BA5900BA163D /* heroku.jpg */,
				76D78BA919C6BA5900BA163D /* homebrew.jpg */,
				76D78BAA19C6BA5900BA163D /* html.jpg */,
				76D78BAB19C6BA5900BA163D /* html5.jpg */,
				76D78BAC19C6BA5900BA163D /* ios.jpg */,
				76D78BAD19C6BA5900BA163D /* iphone.jpg */,
				76D78BAE19C6BA5900BA163D /* java.jpg */,
				76D78BAF19C6BA5900BA163D /* javascript.jpg */,
				76D78BB019C6BA5900BA163D /* jenkins.jpg */,
				76D78BB119C6BA5900BA163D /* jquery.jpg */,
				76D78BB219C6BA5900BA163D /* laravel.jpg */,
				76D78BB319C6BA5900BA163D /* linux.jpg */,
				76D78BB419C6BA5900BA163D /* mac.jpg */,
				76D78BB519C6BA5900BA163D /* macosx.jpg */,
				76D78BB619C6BA5900BA163D /* markdown.jpg */,
				76D78BB719C6BA5900BA163D /* mongodb.jpg */,
				76D78BB819C6BA5900BA163D /* mysql.jpg */,
				76D78BB919C6BA5900BA163D /* nginx.jpg */,
				76D78BBA19C6BA5900BA163D /* node.jpg */,
				76D78BBB19C6BA5900BA163D /* objective-c.jpg */,
				76D78BBC19C6BA5900BA163D /* osx.jpg */,
				76D78BBD19C6BA5900BA163D /* perl.jpg */,
				76D78BBE19C6BA5900BA163D /* php.jpg */,
				76D78BC019C6BA5900BA163D /* postgresql.jpg */,
				76D78BC119C6BA5900BA163D /* python.jpg */,
				76D78BC219C6BA5900BA163D /* qiita.jpg */,
				76D78BC319C6BA5900BA163D /* r.jpg */,
				76D78BC419C6BA5900BA163D /* rails.jpg */,
				76D78BC519C6BA5900BA163D /* rails4.jpg */,
				76D78BC619C6BA5900BA163D /* rbenv.jpg */,
				76D78BC719C6BA5900BA163D /* redmine.jpg */,
				76D78BC819C6BA5900BA163D /* rspec.jpg */,
				76D78BC919C6BA5900BA163D /* ruby.jpg */,
				76D78BCA19C6BA5900BA163D /* sass.jpg */,
				76D78BCB19C6BA5900BA163D /* scala.jpg */,
				76D78BCC19C6BA5900BA163D /* shell.jpg */,
				76D78BCD19C6BA5900BA163D /* shellscript.jpg */,
				76D78BCE19C6BA5900BA163D /* sql.jpg */,
				76D78BCF19C6BA5900BA163D /* ssh.jpg */,
				76D78BD019C6BA5900BA163D /* sublimetext2.jpg */,
				76D78BD119C6BA5900BA163D /* swift.jpg */,
				76D78BD219C6BA5900BA163D /* terminal.jpg */,
				76D78BD319C6BA5900BA163D /* test.jpg */,
				76D78BD419C6BA5900BA163D /* titanium.jpg */,
				76D78BD519C6BA5900BA163D /* tmux.jpg */,
				76D78BD619C6BA5900BA163D /* twitter.jpg */,
				76D78BD719C6BA5900BA163D /* ubuntu.jpg */,
				76D78BD819C6BA5900BA163D /* unity.jpg */,
				76D78BD919C6BA5900BA163D /* unity3d.jpg */,
				76D78BDA19C6BA5900BA163D /* unix.jpg */,
				76D78BDB19C6BA5900BA163D /* vagrant.jpg */,
				76D78BDC19C6BA5900BA163D /* vim.jpg */,
				76D78BDD19C6BA5900BA163D /* virtualbox.jpg */,
				76D78BDE19C6BA5900BA163D /* windows.jpg */,
				76D78BDF19C6BA5900BA163D /* wordpress.jpg */,
				76D78BE019C6BA5900BA163D /* xamarin.jpg */,
				76D78BE119C6BA5900BA163D /* xcode.jpg */,
				76D78BE219C6BA5900BA163D /* yhpg.jpg */,
				76D78BE319C6BA5900BA163D /* zsh.jpg */,
				76D78BE419C6BA5900BA163D /* どう書く.jpg */,
			);
			path = tags;
			sourceTree = "<group>";
		};
/* End PBXGroup section */

/* Begin PBXNativeTarget section */
		7617FEFD19C0475700A3B9BC /* SmartQiita */ = {
			isa = PBXNativeTarget;
			buildConfigurationList = 7617FF3319C0475700A3B9BC /* Build configuration list for PBXNativeTarget "SmartQiita" */;
			buildPhases = (
				7617FEFA19C0475700A3B9BC /* Sources */,
				7617FEFB19C0475700A3B9BC /* Frameworks */,
				7617FEFC19C0475700A3B9BC /* Resources */,
			);
			buildRules = (
			);
			dependencies = (
			);
			name = SmartQiita;
			productName = SmartQiita;
			productReference = 7617FEFE19C0475700A3B9BC /* SmartQiita.app */;
			productType = "com.apple.product-type.application";
		};
		7617FF2119C0475700A3B9BC /* SmartQiitaTests */ = {
			isa = PBXNativeTarget;
			buildConfigurationList = 7617FF3619C0475700A3B9BC /* Build configuration list for PBXNativeTarget "SmartQiitaTests" */;
			buildPhases = (
				7617FF1E19C0475700A3B9BC /* Sources */,
				7617FF1F19C0475700A3B9BC /* Frameworks */,
				7617FF2019C0475700A3B9BC /* Resources */,
			);
			buildRules = (
			);
			dependencies = (
				7617FF2819C0475700A3B9BC /* PBXTargetDependency */,
			);
			name = SmartQiitaTests;
			productName = SmartQiitaTests;
			productReference = 7617FF2219C0475700A3B9BC /* SmartQiitaTests.xctest */;
			productType = "com.apple.product-type.bundle.unit-test";
		};
/* End PBXNativeTarget section */

/* Begin PBXProject section */
		7617FEF619C0475700A3B9BC /* Project object */ = {
			isa = PBXProject;
			attributes = {
				LastUpgradeCheck = 0510;
				ORGANIZATIONNAME = "___FULLUSERNAME___";
				TargetAttributes = {
					7617FF2119C0475700A3B9BC = {
						TestTargetID = 7617FEFD19C0475700A3B9BC;
					};
				};
			};
			buildConfigurationList = 7617FEF919C0475700A3B9BC /* Build configuration list for PBXProject "SmartQiita" */;
			compatibilityVersion = "Xcode 3.2";
			developmentRegion = English;
			hasScannedForEncodings = 0;
			knownRegions = (
				en,
				Base,
			);
			mainGroup = 7617FEF519C0475700A3B9BC;
			productRefGroup = 7617FEFF19C0475700A3B9BC /* Products */;
			projectDirPath = "";
			projectRoot = "";
			targets = (
				7617FEFD19C0475700A3B9BC /* SmartQiita */,
				7617FF2119C0475700A3B9BC /* SmartQiitaTests */,
			);
		};
/* End PBXProject section */

/* Begin PBXResourcesBuildPhase section */
		7617FEFC19C0475700A3B9BC /* Resources */ = {
			isa = PBXResourcesBuildPhase;
			buildActionMask = 2147483647;
			files = (
				76D78C2A19C6BA5900BA163D /* rails4.jpg in Resources */,
				76D78C2F19C6BA5900BA163D /* sass.jpg in Resources */,
				7617FF1819C0475700A3B9BC /* Main_iPad.storyboard in Resources */,
				76D78BF519C6BA5900BA163D /* cocos2d.jpg in Resources */,
				76D78C2D19C6BA5900BA163D /* rspec.jpg in Resources */,
				76D78C1D19C6BA5900BA163D /* mysql.jpg in Resources */,
				76D78C0519C6BA5900BA163D /* github.jpg in Resources */,
				76D78C2C19C6BA5900BA163D /* redmine.jpg in Resources */,
				76D78C0119C6BA5900BA163D /* fluentd.jpg in Resources */,
				76D78BFE19C6BA5900BA163D /* emacs.jpg in Resources */,
				76D78C2E19C6BA5900BA163D /* ruby.jpg in Resources */,
				76D78C0019C6BA5900BA163D /* facebook.jpg in Resources */,
				76D78BEA19C6BA5900BA163D /* aws.jpg in Resources */,
				76D78BED19C6BA5900BA163D /* bootstrap.jpg in Resources */,
				76D78C1E19C6BA5900BA163D /* nginx.jpg in Resources */,
				76D78C4719C6BA5900BA163D /* yhpg.jpg in Resources */,
				76D78C2319C6BA5900BA163D /* php.jpg in Resources */,
				76D78C0B19C6BA5900BA163D /* grunt.jpg in Resources */,
				76D78BF119C6BA5900BA163D /* centos.jpg in Resources */,
				76D78C1C19C6BA5900BA163D /* mongodb.jpg in Resources */,
				7617FF1D19C0475700A3B9BC /* Images.xcassets in Resources */,
				76D78C4219C6BA5900BA163D /* virtualbox.jpg in Resources */,
				76D78C0A19C6BA5900BA163D /* groovy.jpg in Resources */,
				76D78C4819C6BA5900BA163D /* zsh.jpg in Resources */,
				76D78C3419C6BA5900BA163D /* ssh.jpg in Resources */,
				76D78C1519C6BA5900BA163D /* jenkins.jpg in Resources */,
				76D78BF619C6BA5900BA163D /* coffeescript.jpg in Resources */,
				7617FF1519C0475700A3B9BC /* Main_iPhone.storyboard in Resources */,
				76D78C1419C6BA5900BA163D /* javascript.jpg in Resources */,
				76D78C0819C6BA5900BA163D /* golang.jpg in Resources */,
				76D78C0919C6BA5900BA163D /* googleappsscript.jpg in Resources */,
				76D78C2219C6BA5900BA163D /* perl.jpg in Resources */,
				76D78BFF19C6BA5900BA163D /* excel.jpg in Resources */,
				76D78C3E19C6BA5900BA163D /* unity3d.jpg in Resources */,
				76D78C3619C6BA5900BA163D /* swift.jpg in Resources */,
				76D78C3319C6BA5900BA163D /* sql.jpg in Resources */,
				76D78BE719C6BA5900BA163D /* angularjs.jpg in Resources */,
				76D78BF219C6BA5900BA163D /* chef.jpg in Resources */,
				76D78C4119C6BA5900BA163D /* vim.jpg in Resources */,
				76D78BF019C6BA5900BA163D /* capistrano.jpg in Resources */,
				76D78C0C19C6BA5900BA163D /* haskell.jpg in Resources */,
				76D78C1819C6BA5900BA163D /* linux.jpg in Resources */,
				76D78C4319C6BA5900BA163D /* windows.jpg in Resources */,
				76D78BF819C6BA5900BA163D /* css3.jpg in Resources */,
				76D78C0419C6BA5900BA163D /* git.jpg in Resources */,
				76D78C1F19C6BA5900BA163D /* node.jpg in Resources */,
				76D78BF919C6BA5900BA163D /* debian.jpg in Resources */,
				76D78BFD19C6BA5900BA163D /* eclipse.jpg in Resources */,
				76D78C1A19C6BA5900BA163D /* macosx.jpg in Resources */,
				76D78BEF19C6BA5900BA163D /* cakephp.jpg in Resources */,
				76D78C0219C6BA5900BA163D /* fuelphp.jpg in Resources */,
				76D78C2019C6BA5900BA163D /* objective-c.jpg in Resources */,
				76D78C1219C6BA5900BA163D /* iphone.jpg in Resources */,
				76D78C1919C6BA5900BA163D /* mac.jpg in Resources */,
				76D78C3119C6BA5900BA163D /* shell.jpg in Resources */,
				76D78C3C19C6BA5900BA163D /* ubuntu.jpg in Resources */,
				76D78C3519C6BA5900BA163D /* sublimetext2.jpg in Resources */,
				76D78C3019C6BA5900BA163D /* scala.jpg in Resources */,
				76D78C1019C6BA5900BA163D /* html5.jpg in Resources */,
				76D78C0E19C6BA5900BA163D /* homebrew.jpg in Resources */,
				76D78C1119C6BA5900BA163D /* ios.jpg in Resources */,
				76D78C2B19C6BA5900BA163D /* rbenv.jpg in Resources */,
				76D78C0F19C6BA5900BA163D /* html.jpg in Resources */,
				76D78C2119C6BA5900BA163D /* osx.jpg in Resources */,
				76D78C3819C6BA5900BA163D /* test.jpg in Resources */,
				76D78BE619C6BA5900BA163D /* android.jpg in Resources */,
				76D78C4019C6BA5900BA163D /* vagrant.jpg in Resources */,
				76D78BE519C6BA5900BA163D /* adventcalendar.jpg in Resources */,
				76D78C2719C6BA5900BA163D /* qiita.jpg in Resources */,
				76D78BE819C6BA5900BA163D /* ansible.jpg in Resources */,
				76D78BFB19C6BA5900BA163D /* docker.jpg in Resources */,
				76D78C4919C6BA5900BA163D /* どう書く.jpg in Resources */,
				76D78C3719C6BA5900BA163D /* terminal.jpg in Resources */,
				76D78C4419C6BA5900BA163D /* wordpress.jpg in Resources */,
				76D78C4519C6BA5900BA163D /* xamarin.jpg in Resources */,
				76D78C0D19C6BA5900BA163D /* heroku.jpg in Resources */,
				76D78BF719C6BA5900BA163D /* css.jpg in Resources */,
				76D78C3A19C6BA5900BA163D /* tmux.jpg in Resources */,
				76D78C0619C6BA5900BA163D /* gitlab.jpg in Resources */,
				76D78C2519C6BA5900BA163D /* postgresql.jpg in Resources */,
				76D78C3D19C6BA5900BA163D /* unity.jpg in Resources */,
				76D78C3219C6BA5900BA163D /* shellscript.jpg in Resources */,
				76D78C4619C6BA5900BA163D /* xcode.jpg in Resources */,
				76D78BEE19C6BA5900BA163D /* c.jpg in Resources */,
				76D78BEB19C6BA5900BA163D /* backbone.jpg in Resources */,
				76D78C0319C6BA5900BA163D /* gem.jpg in Resources */,
				76D78C1619C6BA5900BA163D /* jquery.jpg in Resources */,
				76D78BFC19C6BA5900BA163D /* ec2.jpg in Resources */,
				76D78BF419C6BA5900BA163D /* clojure.jpg in Resources */,
				76D78C3B19C6BA5900BA163D /* twitter.jpg in Resources */,
				76D78BFA19C6BA5900BA163D /* django.jpg in Resources */,
				76D78C1319C6BA5900BA163D /* java.jpg in Resources */,
				76D78C1719C6BA5900BA163D /* laravel.jpg in Resources */,
				76D78BEC19C6BA5900BA163D /* bash.jpg in Resources */,
				76D78C1B19C6BA5900BA163D /* markdown.jpg in Resources */,
				76D78C0719C6BA5900BA163D /* go.jpg in Resources */,
				76D78C2619C6BA5900BA163D /* python.jpg in Resources */,
				7606B6D219C5745F00C9A3A8 /* placeholder.png in Resources */,
				76D78C2919C6BA5900BA163D /* rails.jpg in Resources */,
				7617FF0C19C0475700A3B9BC /* InfoPlist.strings in Resources */,
				76D78C3F19C6BA5900BA163D /* unix.jpg in Resources */,
				76D78BE919C6BA5900BA163D /* apache.jpg in Resources */,
				76D78C2819C6BA5900BA163D /* r.jpg in Resources */,
				76D78C3919C6BA5900BA163D /* titanium.jpg in Resources */,
				76D78BF319C6BA5900BA163D /* chrome.jpg in Resources */,
			);
			runOnlyForDeploymentPostprocessing = 0;
		};
		7617FF2019C0475700A3B9BC /* Resources */ = {
			isa = PBXResourcesBuildPhase;
			buildActionMask = 2147483647;
			files = (
				7617FF2E19C0475700A3B9BC /* InfoPlist.strings in Resources */,
			);
			runOnlyForDeploymentPostprocessing = 0;
		};
/* End PBXResourcesBuildPhase section */

/* Begin PBXSourcesBuildPhase section */
		7617FEFA19C0475700A3B9BC /* Sources */ = {
			isa = PBXSourcesBuildPhase;
			buildActionMask = 2147483647;
			files = (
				7606B6CD19C572A500C9A3A8 /* UIImageView+HighlightedWebCache.m in Sources */,
				7606B6C419C572A500C9A3A8 /* SDWebImageDecoder.m in Sources */,
				7606B6CE19C572A500C9A3A8 /* UIImageView+WebCache.m in Sources */,
				7617FF4419C0538300A3B9BC /* DetailViewController.m in Sources */,
				7606B6C619C572A500C9A3A8 /* SDWebImageDownloaderOperation.m in Sources */,
				7606B6C719C572A500C9A3A8 /* SDWebImageManager.m in Sources */,
				7617FF1219C0475700A3B9BC /* AppDelegate.m in Sources */,
				7617FF3B19C0478D00A3B9BC /* ArticleTableViewController.m in Sources */,
				7606B6C519C572A500C9A3A8 /* SDWebImageDownloader.m in Sources */,
				7606B6C019C572A500C9A3A8 /* MKAnnotationView+WebCache.m in Sources */,
				7606B6C319C572A500C9A3A8 /* SDWebImageCompat.m in Sources */,
				7606B6C819C572A500C9A3A8 /* SDWebImagePrefetcher.m in Sources */,
				7606B6CF19C572A500C9A3A8 /* UIView+WebCacheOperation.m in Sources */,
				7606B6CB19C572A500C9A3A8 /* UIImage+MultiFormat.m in Sources */,
				7617FF3E19C049F500A3B9BC /* ArticleTableViewCell.m in Sources */,
				76BB903319C076CB002E95D3 /* MenuTableViewController.m in Sources */,
				7606B6C919C572A500C9A3A8 /* UIButton+WebCache.m in Sources */,
				7606B6C219C572A500C9A3A8 /* SDImageCache.m in Sources */,
				7617FF0E19C0475700A3B9BC /* main.m in Sources */,
				76BB903919C085EC002E95D3 /* TagViewController.m in Sources */,
				76BB903C19C0870D002E95D3 /* TagViewCell.m in Sources */,
				7606B6CA19C572A500C9A3A8 /* UIImage+GIF.m in Sources */,
				7606B6C119C572A500C9A3A8 /* NSData+ImageContentType.m in Sources */,
				7606B6CC19C572A500C9A3A8 /* UIImage+WebP.m in Sources */,
			);
			runOnlyForDeploymentPostprocessing = 0;
		};
		7617FF1E19C0475700A3B9BC /* Sources */ = {
			isa = PBXSourcesBuildPhase;
			buildActionMask = 2147483647;
			files = (
				7617FF3019C0475700A3B9BC /* SmartQiitaTests.m in Sources */,
			);
			runOnlyForDeploymentPostprocessing = 0;
		};
/* End PBXSourcesBuildPhase section */

/* Begin PBXTargetDependency section */
		7617FF2819C0475700A3B9BC /* PBXTargetDependency */ = {
			isa = PBXTargetDependency;
			target = 7617FEFD19C0475700A3B9BC /* SmartQiita */;
			targetProxy = 7617FF2719C0475700A3B9BC /* PBXContainerItemProxy */;
		};
/* End PBXTargetDependency section */

/* Begin PBXVariantGroup section */
		7617FF0A19C0475700A3B9BC /* InfoPlist.strings */ = {
			isa = PBXVariantGroup;
			children = (
				7617FF0B19C0475700A3B9BC /* en */,
			);
			name = InfoPlist.strings;
			sourceTree = "<group>";
		};
		7617FF1319C0475700A3B9BC /* Main_iPhone.storyboard */ = {
			isa = PBXVariantGroup;
			children = (
				7617FF1419C0475700A3B9BC /* Base */,
			);
			name = Main_iPhone.storyboard;
			sourceTree = "<group>";
		};
		7617FF1619C0475700A3B9BC /* Main_iPad.storyboard */ = {
			isa = PBXVariantGroup;
			children = (
				7617FF1719C0475700A3B9BC /* Base */,
			);
			name = Main_iPad.storyboard;
			sourceTree = "<group>";
		};
		7617FF2C19C0475700A3B9BC /* InfoPlist.strings */ = {
			isa = PBXVariantGroup;
			children = (
				7617FF2D19C0475700A3B9BC /* en */,
			);
			name = InfoPlist.strings;
			sourceTree = "<group>";
		};
/* End PBXVariantGroup section */

/* Begin XCBuildConfiguration section */
		7617FF3119C0475700A3B9BC /* Debug */ = {
			isa = XCBuildConfiguration;
			buildSettings = {
				ALWAYS_SEARCH_USER_PATHS = NO;
				CLANG_CXX_LANGUAGE_STANDARD = "gnu++0x";
				CLANG_CXX_LIBRARY = "libc++";
				CLANG_ENABLE_MODULES = YES;
				CLANG_ENABLE_OBJC_ARC = YES;
				CLANG_WARN_BOOL_CONVERSION = YES;
				CLANG_WARN_CONSTANT_CONVERSION = YES;
				CLANG_WARN_DIRECT_OBJC_ISA_USAGE = YES_ERROR;
				CLANG_WARN_EMPTY_BODY = YES;
				CLANG_WARN_ENUM_CONVERSION = YES;
				CLANG_WARN_INT_CONVERSION = YES;
				CLANG_WARN_OBJC_ROOT_CLASS = YES_ERROR;
				CLANG_WARN__DUPLICATE_METHOD_MATCH = YES;
				"CODE_SIGN_IDENTITY[sdk=iphoneos*]" = "iPhone Developer";
				COPY_PHASE_STRIP = NO;
				GCC_C_LANGUAGE_STANDARD = gnu99;
				GCC_DYNAMIC_NO_PIC = NO;
				GCC_OPTIMIZATION_LEVEL = 0;
				GCC_PREPROCESSOR_DEFINITIONS = (
					"DEBUG=1",
					"$(inherited)",
				);
				GCC_SYMBOLS_PRIVATE_EXTERN = NO;
				GCC_WARN_64_TO_32_BIT_CONVERSION = YES;
				GCC_WARN_ABOUT_RETURN_TYPE = YES_ERROR;
				GCC_WARN_UNDECLARED_SELECTOR = YES;
				GCC_WARN_UNINITIALIZED_AUTOS = YES_AGGRESSIVE;
				GCC_WARN_UNUSED_FUNCTION = YES;
				GCC_WARN_UNUSED_VARIABLE = YES;
				IPHONEOS_DEPLOYMENT_TARGET = 7.1;
				ONLY_ACTIVE_ARCH = YES;
				SDKROOT = iphoneos;
				TARGETED_DEVICE_FAMILY = "1,2";
			};
			name = Debug;
		};
		7617FF3219C0475700A3B9BC /* Release */ = {
			isa = XCBuildConfiguration;
			buildSettings = {
				ALWAYS_SEARCH_USER_PATHS = NO;
				CLANG_CXX_LANGUAGE_STANDARD = "gnu++0x";
				CLANG_CXX_LIBRARY = "libc++";
				CLANG_ENABLE_MODULES = YES;
				CLANG_ENABLE_OBJC_ARC = YES;
				CLANG_WARN_BOOL_CONVERSION = YES;
				CLANG_WARN_CONSTANT_CONVERSION = YES;
				CLANG_WARN_DIRECT_OBJC_ISA_USAGE = YES_ERROR;
				CLANG_WARN_EMPTY_BODY = YES;
				CLANG_WARN_ENUM_CONVERSION = YES;
				CLANG_WARN_INT_CONVERSION = YES;
				CLANG_WARN_OBJC_ROOT_CLASS = YES_ERROR;
				CLANG_WARN__DUPLICATE_METHOD_MATCH = YES;
				"CODE_SIGN_IDENTITY[sdk=iphoneos*]" = "iPhone Developer";
				COPY_PHASE_STRIP = YES;
				ENABLE_NS_ASSERTIONS = NO;
				GCC_C_LANGUAGE_STANDARD = gnu99;
				GCC_WARN_64_TO_32_BIT_CONVERSION = YES;
				GCC_WARN_ABOUT_RETURN_TYPE = YES_ERROR;
				GCC_WARN_UNDECLARED_SELECTOR = YES;
				GCC_WARN_UNINITIALIZED_AUTOS = YES_AGGRESSIVE;
				GCC_WARN_UNUSED_FUNCTION = YES;
				GCC_WARN_UNUSED_VARIABLE = YES;
				IPHONEOS_DEPLOYMENT_TARGET = 7.1;
				SDKROOT = iphoneos;
				TARGETED_DEVICE_FAMILY = "1,2";
				VALIDATE_PRODUCT = YES;
			};
			name = Release;
		};
		7617FF3419C0475700A3B9BC /* Debug */ = {
			isa = XCBuildConfiguration;
			buildSettings = {
				ASSETCATALOG_COMPILER_APPICON_NAME = AppIcon;
				ASSETCATALOG_COMPILER_LAUNCHIMAGE_NAME = LaunchImage;
				GCC_PRECOMPILE_PREFIX_HEADER = YES;
				GCC_PREFIX_HEADER = "SmartQiita/SmartQiita-Prefix.pch";
				INFOPLIST_FILE = "SmartQiita/SmartQiita-Info.plist";
				PRODUCT_NAME = "$(TARGET_NAME)";
				WRAPPER_EXTENSION = app;
			};
			name = Debug;
		};
		7617FF3519C0475700A3B9BC /* Release */ = {
			isa = XCBuildConfiguration;
			buildSettings = {
				ASSETCATALOG_COMPILER_APPICON_NAME = AppIcon;
				ASSETCATALOG_COMPILER_LAUNCHIMAGE_NAME = LaunchImage;
				GCC_PRECOMPILE_PREFIX_HEADER = YES;
				GCC_PREFIX_HEADER = "SmartQiita/SmartQiita-Prefix.pch";
				INFOPLIST_FILE = "SmartQiita/SmartQiita-Info.plist";
				PRODUCT_NAME = "$(TARGET_NAME)";
				WRAPPER_EXTENSION = app;
			};
			name = Release;
		};
		7617FF3719C0475700A3B9BC /* Debug */ = {
			isa = XCBuildConfiguration;
			buildSettings = {
				BUNDLE_LOADER = "$(BUILT_PRODUCTS_DIR)/SmartQiita.app/SmartQiita";
				FRAMEWORK_SEARCH_PATHS = (
					"$(SDKROOT)/Developer/Library/Frameworks",
					"$(inherited)",
					"$(DEVELOPER_FRAMEWORKS_DIR)",
				);
				GCC_PRECOMPILE_PREFIX_HEADER = YES;
				GCC_PREFIX_HEADER = "SmartQiita/SmartQiita-Prefix.pch";
				GCC_PREPROCESSOR_DEFINITIONS = (
					"DEBUG=1",
					"$(inherited)",
				);
				INFOPLIST_FILE = "SmartQiitaTests/SmartQiitaTests-Info.plist";
				PRODUCT_NAME = "$(TARGET_NAME)";
				TEST_HOST = "$(BUNDLE_LOADER)";
				WRAPPER_EXTENSION = xctest;
			};
			name = Debug;
		};
		7617FF3819C0475700A3B9BC /* Release */ = {
			isa = XCBuildConfiguration;
			buildSettings = {
				BUNDLE_LOADER = "$(BUILT_PRODUCTS_DIR)/SmartQiita.app/SmartQiita";
				FRAMEWORK_SEARCH_PATHS = (
					"$(SDKROOT)/Developer/Library/Frameworks",
					"$(inherited)",
					"$(DEVELOPER_FRAMEWORKS_DIR)",
				);
				GCC_PRECOMPILE_PREFIX_HEADER = YES;
				GCC_PREFIX_HEADER = "SmartQiita/SmartQiita-Prefix.pch";
				INFOPLIST_FILE = "SmartQiitaTests/SmartQiitaTests-Info.plist";
				PRODUCT_NAME = "$(TARGET_NAME)";
				TEST_HOST = "$(BUNDLE_LOADER)";
				WRAPPER_EXTENSION = xctest;
			};
			name = Release;
		};
/* End XCBuildConfiguration section */

/* Begin XCConfigurationList section */
		7617FEF919C0475700A3B9BC /* Build configuration list for PBXProject "SmartQiita" */ = {
			isa = XCConfigurationList;
			buildConfigurations = (
				7617FF3119C0475700A3B9BC /* Debug */,
				7617FF3219C0475700A3B9BC /* Release */,
			);
			defaultConfigurationIsVisible = 0;
			defaultConfigurationName = Release;
		};
		7617FF3319C0475700A3B9BC /* Build configuration list for PBXNativeTarget "SmartQiita" */ = {
			isa = XCConfigurationList;
			buildConfigurations = (
				7617FF3419C0475700A3B9BC /* Debug */,
				7617FF3519C0475700A3B9BC /* Release */,
			);
			defaultConfigurationIsVisible = 0;
			defaultConfigurationName = Release;
		};
		7617FF3619C0475700A3B9BC /* Build configuration list for PBXNativeTarget "SmartQiitaTests" */ = {
			isa = XCConfigurationList;
			buildConfigurations = (
				7617FF3719C0475700A3B9BC /* Debug */,
				7617FF3819C0475700A3B9BC /* Release */,
			);
			defaultConfigurationIsVisible = 0;
			defaultConfigurationName = Release;
		};
/* End XCConfigurationList section */
	};
	rootObject = 7617FEF619C0475700A3B9BC /* Project object */;
}
